lockfileVersion: '9.0'

settings:
  autoInstallPeers: true
  excludeLinksFromLockfile: false

importers:

  .:
    dependencies:
      '@openai/codex':
        specifier: 0.159.2
        version: 0.159.2

packages:

  '@openai/codex-darwin-arm64@0.159.2-darwin-arm64':
    resolution: {integrity: sha512-7SPaPFU0tdqapQ5VEgrF+wb+p9dxfWfLMXMKZMRKoWPn/tLMajlMjYBBnu8o6VtaVH2DHQ6kpnp5TMkv5bqvrg==}
    engines: {node: '>=16'}
    cpu: [arm64]
    os: [darwin]
    aliasOf: '@openai/codex'

  '@openai/codex-darwin-x64@0.159.2-darwin-x64':
    resolution: {integrity: sha512-VPZGYHH2yVn8S3IuxJk38vxhBADJZp68IBL8hr4quJ2R7jM16l43TLCwRemN+1J27V/cs771fbx63aGRf5F8JA==}
    engines: {node: '>=16'}
    cpu: [x64]
    os: [darwin]
    aliasOf: '@openai/codex'

  '@openai/codex-linux-arm64@0.159.2-linux-arm64':
    resolution: {integrity: sha512-Pm0W2PnFeTEqPx+AOIwgOVB4dBtY24cuD0tx1hjCor60CbSAT7WBPZVNUINSrTCDrMndvQC67p71ZEz+gmPPkA==}
    engines: {node: '>=16'}
    cpu: [arm64]
    os: [linux]
    aliasOf: '@openai/codex'

  '@openai/codex-linux-x64@0.159.2-linux-x64':
    resolution: {integrity: sha512-RrCZ1X52wpa1lOsXtCtSyhjOFdQPh7LH5Ccv8HsKmd/2UXbUwxXFqWXFK3JzatquUNGtW/TLox5Y7qVOGkV0/Q==}
    engines: {node: '>=16'}
    cpu: [x64]
    os: [linux]
    aliasOf: '@openai/codex'

  '@openai/codex-win32-arm64@0.159.2-win32-arm64':
    resolution: {integrity: sha512-8+xM4Wj2J38ieRse9kzbMRQQc2d+kvck2Zm2+gX2sth5RXPZQ1yqYhFmevHLC8IO73syk2xiIclH0qvoc97pgg==}
    engines: {node: '>=16'}
    cpu: [arm64]
    os: [win32]
    aliasOf: '@openai/codex'

  '@openai/codex-win32-x64@0.159.2-win32-x64':
    resolution: {integrity: sha512-1ZJVTO40/ZaHPUUWc3uCX73jwzJRaDxAjRQEf37dC5Q3h1fp/Z7+1L8oX3bPlXgjhEY6kHW3rm0wz2sdQ5rxNw==}
    engines: {node: '>=16'}
    cpu: [x64]
    os: [win32]
    aliasOf: '@openai/codex'

  '@openai/codex@0.159.2':
    resolution: {integrity: sha512-SE13C3nZCYoVL569BdegoOl6vwjb7o2sXOo7ivwVzaVoY0cswwi0/6pIE0TyO/C0vIkQh3jslExitET7PBTfIg==}
    engines: {node: '>=16'}
    hasBin: true

snapshots:

  '@openai/codex-darwin-arm64@0.159.2-darwin-arm64':
    optional: true

  '@openai/codex-darwin-x64@0.159.2-darwin-x64':
    optional: true

  '@openai/codex-linux-arm64@0.159.2-linux-arm64':
    optional: true

  '@openai/codex-linux-x64@0.159.2-linux-x64':
    optional: true

  '@openai/codex-win32-arm64@0.159.2-win32-arm64':
    optional: true

  '@openai/codex-win32-x64@0.159.2-win32-x64':
    optional: true

  '@openai/codex@0.159.2':
    optionalDependencies:
      '@openai/codex-darwin-arm64': 0.159.2-darwin-arm64
      '@openai/codex-darwin-x64': 0.159.2-darwin-x64
      '@openai/codex-linux-arm64': 0.159.2-linux-arm64
      '@openai/codex-linux-x64': 0.159.2-linux-x64
      '@openai/codex-win32-arm64': 0.159.2-win32-arm64
      '@openai/codex-win32-x64': 0.159.2-win32-x64
