[[tools."aqua:bats-core/bats-core"]]
version = "latest"
backend = "aqua:bats-core/bats-core"
"platforms.linux-arm64" = { url = "https://github.com/bats-core/bats-core/archive/refs/tags/latest.tar.gz"}
"platforms.linux-x64" = { url = "https://github.com/bats-core/bats-core/archive/refs/tags/latest.tar.gz"}
"platforms.macos-arm64" = { url = "https://github.com/bats-core/bats-core/archive/refs/tags/latest.tar.gz"}
"platforms.macos-x64" = { url = "https://github.com/bats-core/bats-core/archive/refs/tags/latest.tar.gz"}

[[tools."aqua:koalaman/shellcheck"]]
version = "latest"
backend = "aqua:koalaman/shellcheck"

[[tools."aqua:mikefarah/yq"]]
version = "latest"
backend = "aqua:mikefarah/yq"

[[tools."aqua:suzuki-shunsuke/ghalint"]]
version = "latest"
backend = "aqua:suzuki-shunsuke/ghalint"

[[tools.hk]]
version = "1.36.0"
backend = "aqua:jdx/hk"

[[tools.jq]]
version = "1.8.1"
backend = "aqua:jqlang/jq"

[[tools.pkl]]
version = "0.30.2"
backend = "aqua:apple/pkl"

[[tools.shfmt]]
version = "3.12.0"
backend = "aqua:mvdan/sh"

[[tools.stylua]]
version = "2.3.1"
backend = "aqua:JohnnyMorganz/StyLua"
