[[tools."aqua:bats-core/bats-core"]]
version = "v1.13.0"
backend = "aqua:bats-core/bats-core"
"platforms.linux-arm64" = { url = "https://github.com/bats-core/bats-core/archive/refs/tags/v1.13.0.tar.gz"}
"platforms.linux-x64" = { url = "https://github.com/bats-core/bats-core/archive/refs/tags/v1.13.0.tar.gz"}
"platforms.macos-arm64" = { url = "https://github.com/bats-core/bats-core/archive/refs/tags/v1.13.0.tar.gz"}
"platforms.macos-x64" = { url = "https://github.com/bats-core/bats-core/archive/refs/tags/v1.13.0.tar.gz"}

[[tools."aqua:koalaman/shellcheck"]]
version = "v0.11.0"
backend = "aqua:koalaman/shellcheck"
"platforms.linux-arm64" = { checksum = "sha256:12b331c1d2db6b9eb13cfca64306b1b157a86eb69db83023e261eaa7e7c14588", url = "https://github.com/koalaman/shellcheck/releases/download/v0.11.0/shellcheck-v0.11.0.linux.aarch64.tar.xz"}
"platforms.linux-x64" = { checksum = "sha256:8c3be12b05d5c177a04c29e3c78ce89ac86f1595681cab149b65b97c4e227198", url = "https://github.com/koalaman/shellcheck/releases/download/v0.11.0/shellcheck-v0.11.0.linux.x86_64.tar.xz"}
"platforms.macos-arm64" = { checksum = "sha256:56affdd8de5527894dca6dc3d7e0a99a873b0f004d7aabc30ae407d3f48b0a79", url = "https://github.com/koalaman/shellcheck/releases/download/v0.11.0/shellcheck-v0.11.0.darwin.aarch64.tar.xz"}
"platforms.macos-x64" = { checksum = "sha256:3c89db4edcab7cf1c27bff178882e0f6f27f7afdf54e859fa041fca10febe4c6", url = "https://github.com/koalaman/shellcheck/releases/download/v0.11.0/shellcheck-v0.11.0.darwin.x86_64.tar.xz"}
"platforms.windows-x64" = { checksum = "sha256:8a4e35ab0b331c85d73567b12f2a444df187f483e5079ceffa6bda1faa2e740e", url = "https://github.com/koalaman/shellcheck/releases/download/v0.11.0/shellcheck-v0.11.0.zip"}

[[tools."aqua:mikefarah/yq"]]
version = "v4.52.4"
backend = "aqua:mikefarah/yq"
"platforms.linux-arm64" = { checksum = "sha256:4c2cc022a129be5cc1187959bb4b09bebc7fb543c5837b93001c68f97ce39a5d", url = "https://github.com/mikefarah/yq/releases/download/v4.52.4/yq_linux_arm64"}
"platforms.linux-x64" = { checksum = "sha256:0c4d965ea944b64b8fddaf7f27779ee3034e5693263786506ccd1c120f184e8c", url = "https://github.com/mikefarah/yq/releases/download/v4.52.4/yq_linux_amd64"}
"platforms.macos-arm64" = { checksum = "sha256:6bfa43a439936644d63c70308832390c8838290d064970eaada216219c218a13", url = "https://github.com/mikefarah/yq/releases/download/v4.52.4/yq_darwin_arm64"}
"platforms.macos-x64" = { checksum = "sha256:d72a75fe9953c707d395f653d90095b133675ddd61aa738e1ac9a73c6c05e8be", url = "https://github.com/mikefarah/yq/releases/download/v4.52.4/yq_darwin_amd64"}
"platforms.windows-x64" = { checksum = "sha256:b7c4186f8a3e32879ddf99389bf59a4b2861f0f1b41ef58647d903b0a11e8151", url = "https://github.com/mikefarah/yq/releases/download/v4.52.4/yq_windows_amd64.exe"}

[[tools."aqua:mikefarah/yq"]]
version = "4.52.4"
backend = "aqua:mikefarah/yq"
"platforms.linux-arm64" = { checksum = "sha256:4c2cc022a129be5cc1187959bb4b09bebc7fb543c5837b93001c68f97ce39a5d", url = "https://github.com/mikefarah/yq/releases/download/v4.52.4/yq_linux_arm64"}
"platforms.linux-x64" = { checksum = "sha256:0c4d965ea944b64b8fddaf7f27779ee3034e5693263786506ccd1c120f184e8c", url = "https://github.com/mikefarah/yq/releases/download/v4.52.4/yq_linux_amd64"}
"platforms.macos-arm64" = { checksum = "sha256:6bfa43a439936644d63c70308832390c8838290d064970eaada216219c218a13", url = "https://github.com/mikefarah/yq/releases/download/v4.52.4/yq_darwin_arm64"}
"platforms.macos-x64" = { checksum = "sha256:d72a75fe9953c707d395f653d90095b133675ddd61aa738e1ac9a73c6c05e8be", url = "https://github.com/mikefarah/yq/releases/download/v4.52.4/yq_darwin_amd64"}
"platforms.windows-x64" = { checksum = "sha256:b7c4186f8a3e32879ddf99389bf59a4b2861f0f1b41ef58647d903b0a11e8151", url = "https://github.com/mikefarah/yq/releases/download/v4.52.4/yq_windows_amd64.exe"}

[[tools."aqua:suzuki-shunsuke/ghalint"]]
version = "v1.5.5"
backend = "aqua:suzuki-shunsuke/ghalint"
"platforms.linux-arm64" = { checksum = "sha256:c3ab464130015d733bfc75a2851f4fc5b3cb966aca2ed8bc0fa2a029bc0ee6af", url = "https://github.com/suzuki-shunsuke/ghalint/releases/download/v1.5.5/ghalint_1.5.5_linux_arm64.tar.gz"}
"platforms.linux-x64" = { checksum = "sha256:579cbf9024f86a8255ce8acdd56c7792f0f9a7e76063d64cfb7b66ff65c396e4", url = "https://github.com/suzuki-shunsuke/ghalint/releases/download/v1.5.5/ghalint_1.5.5_linux_amd64.tar.gz"}
"platforms.macos-arm64" = { checksum = "sha256:db969e288fc788348aa7c1323096d69df28b457c70b4194fb76f14ad058c0be7", url = "https://github.com/suzuki-shunsuke/ghalint/releases/download/v1.5.5/ghalint_1.5.5_darwin_arm64.tar.gz"}
"platforms.macos-x64" = { checksum = "sha256:ce76aeb46f051d19a618c4e89ae5ca1d37c5a06f1bac3afb261ff619fd33045f", url = "https://github.com/suzuki-shunsuke/ghalint/releases/download/v1.5.5/ghalint_1.5.5_darwin_amd64.tar.gz"}
"platforms.windows-x64" = { checksum = "sha256:58c2589e7455fc05d83a28051f9098984db3fe6294f0f88aedc9691ae25eaff9", url = "https://github.com/suzuki-shunsuke/ghalint/releases/download/v1.5.5/ghalint_1.5.5_windows_amd64.zip"}

[[tools.hk]]
version = "1.36.0"
backend = "aqua:jdx/hk"
"platforms.linux-arm64" = { checksum = "sha256:51cf51e2035038ee64d772e71f8daf4978380ef82faffee2b12c413f009341ab", url = "https://github.com/jdx/hk/releases/download/v1.36.0/hk-aarch64-unknown-linux-gnu.tar.gz"}
"platforms.linux-x64" = { checksum = "sha256:d20fa0be3f1135abc74471670306ae0353ad2336804595362293f0c8460952e7", url = "https://github.com/jdx/hk/releases/download/v1.36.0/hk-x86_64-unknown-linux-gnu.tar.gz"}
"platforms.macos-arm64" = { checksum = "sha256:553ff3c7c18d91f1c1dcdbae44315db0324b52336b5a02ed5b9c382f08499b3b", url = "https://github.com/jdx/hk/releases/download/v1.36.0/hk-aarch64-apple-darwin.tar.gz"}
"platforms.windows-x64" = { checksum = "sha256:1f12218ccad806a3f49bcf521f86b6825fbd89486e830c1c04f72e3796f84589", url = "https://github.com/jdx/hk/releases/download/v1.36.0/hk-x86_64-pc-windows-msvc.zip"}

[[tools.jq]]
version = "1.8.1"
backend = "aqua:jqlang/jq"
"platforms.linux-arm64" = { checksum = "sha256:6bc62f25981328edd3cfcfe6fe51b073f2d7e7710d7ef7fcdac28d4e384fc3d4", url = "https://github.com/jqlang/jq/releases/download/jq-1.8.1/jq-linux-arm64"}
"platforms.linux-x64" = { checksum = "sha256:020468de7539ce70ef1bceaf7cde2e8c4f2ca6c3afb84642aabc5c97d9fc2a0d", url = "https://github.com/jqlang/jq/releases/download/jq-1.8.1/jq-linux-amd64"}
"platforms.macos-arm64" = { checksum = "sha256:a9fe3ea2f86dfc72f6728417521ec9067b343277152b114f4e98d8cb0e263603", url = "https://github.com/jqlang/jq/releases/download/jq-1.8.1/jq-macos-arm64"}
"platforms.macos-x64" = { checksum = "sha256:e80dbe0d2a2597e3c11c404f03337b981d74b4a8504b70586c354b7697a7c27f", url = "https://github.com/jqlang/jq/releases/download/jq-1.8.1/jq-macos-amd64"}
"platforms.windows-x64" = { checksum = "sha256:23cb60a1354eed6bcc8d9b9735e8c7b388cd1fdcb75726b93bc299ef22dd9334", url = "https://github.com/jqlang/jq/releases/download/jq-1.8.1/jq-windows-amd64.exe"}

[[tools."npm:markdownlint-cli"]]
version = "0.47.0"
backend = "npm:markdownlint-cli"

[[tools.pkl]]
version = "0.30.2"
backend = "aqua:apple/pkl"
"platforms.linux-arm64" = { checksum = "sha256:8da3ae65104eb7058e35dc4a9fe46bd8ece2b6faf4b65d0b1054cadb2ede0246", url = "https://github.com/apple/pkl/releases/download/0.30.2/pkl-linux-aarch64"}
"platforms.linux-x64" = { checksum = "sha256:474e5137d60a9e2320fde19a526f42c36d8e9d3b245139d59a9b8dff85283c76", url = "https://github.com/apple/pkl/releases/download/0.30.2/pkl-linux-amd64"}
"platforms.macos-arm64" = { checksum = "sha256:f1db44c0f6f859aee88c9d7d272f2371ae40ac95ec9957ae78eff51665158e04", url = "https://github.com/apple/pkl/releases/download/0.30.2/pkl-macos-aarch64"}
"platforms.macos-x64" = { checksum = "sha256:5f62ae7a7a34c15b3a83af17bda8e6b98516953f383a492340d4aa090caaa6d9", url = "https://github.com/apple/pkl/releases/download/0.30.2/pkl-macos-amd64"}
"platforms.windows-x64" = { checksum = "sha256:19e92aa59bcf4e54963b6e3b419af7e1b939f5793b44f4a08d60bab1217106f4", url = "https://github.com/apple/pkl/releases/download/0.30.2/pkl-windows-amd64.exe"}

[[tools.shfmt]]
version = "v3.12.0"
backend = "aqua:mvdan/sh"
"platforms.linux-arm64" = { checksum = "sha256:5f3fe3fa6a9f766e6a182ba79a94bef8afedafc57db0b1ad32b0f67fae971ba4", url = "https://github.com/mvdan/sh/releases/download/v3.12.0/shfmt_v3.12.0_linux_arm64"}
"platforms.linux-x64" = { checksum = "sha256:d9fbb2a9c33d13f47e7618cf362a914d029d02a6df124064fff04fd688a745ea", url = "https://github.com/mvdan/sh/releases/download/v3.12.0/shfmt_v3.12.0_linux_amd64"}
"platforms.macos-arm64" = { checksum = "sha256:d903802e0ce3ecbc82b98512f55ba370b0d37a93f3f78de394f5b657052b33dd", url = "https://github.com/mvdan/sh/releases/download/v3.12.0/shfmt_v3.12.0_darwin_arm64"}
"platforms.macos-x64" = { checksum = "sha256:c31548693de6584e6164b7ed5fbb7b4a083f2d937ca94b4e0ddf59aa461a85e4", url = "https://github.com/mvdan/sh/releases/download/v3.12.0/shfmt_v3.12.0_darwin_amd64"}
"platforms.windows-x64" = { checksum = "sha256:c8bda517ba1c640ce4a715c0fa665439ddbe4357ba5e9b77b0e51e70e2b9c94b", url = "https://github.com/mvdan/sh/releases/download/v3.12.0/shfmt_v3.12.0_windows_amd64.exe"}

[[tools.stylua]]
version = "2.3.1"
backend = "aqua:JohnnyMorganz/StyLua"
"platforms.linux-arm64" = { checksum = "sha256:21908eec45ff9666d4ae72825b81faa7fc4119124ed656eb1d470cbf9ed41bc9", url = "https://github.com/JohnnyMorganz/StyLua/releases/download/v2.3.1/stylua-linux-aarch64.zip"}
"platforms.linux-x64" = { checksum = "sha256:1b3ca3f577e584e19a0ad2264a0ab87f4133818e35700a094416ca98251ffb4a", url = "https://github.com/JohnnyMorganz/StyLua/releases/download/v2.3.1/stylua-linux-x86_64-musl.zip"}
"platforms.macos-arm64" = { checksum = "sha256:e212e6c21e76c2b1d0f10f8dcf50ec3b5f03f02da7597e0679f539eb18ba0d53", url = "https://github.com/JohnnyMorganz/StyLua/releases/download/v2.3.1/stylua-macos-aarch64.zip"}
"platforms.macos-x64" = { checksum = "sha256:16f661951bfc984ea6e0157f9495c8192b91f9c2f3b27e6b46db95c315281e92", url = "https://github.com/JohnnyMorganz/StyLua/releases/download/v2.3.1/stylua-macos-x86_64.zip"}
"platforms.windows-x64" = { checksum = "sha256:70fc56d7361c20e858bd9c3b3b643e44dc2e2007b670c816ba7fb032956e3baa", url = "https://github.com/JohnnyMorganz/StyLua/releases/download/v2.3.1/stylua-windows-x86_64.zip"}
