[[tools."aqua:bats-core/bats-core"]]
version = "1.13.0"
backend = "aqua:bats-core/bats-core"
"platforms.linux-arm64" = { url = "https://github.com/bats-core/bats-core/archive/refs/tags/1.13.0.tar.gz"}
"platforms.linux-x64" = { url = "https://github.com/bats-core/bats-core/archive/refs/tags/1.13.0.tar.gz"}
"platforms.macos-arm64" = { url = "https://github.com/bats-core/bats-core/archive/refs/tags/1.13.0.tar.gz"}
"platforms.macos-x64" = { url = "https://github.com/bats-core/bats-core/archive/refs/tags/1.13.0.tar.gz"}

[[tools."aqua:koalaman/shellcheck"]]
version = "0.11.0"
backend = "aqua:koalaman/shellcheck"

[[tools."aqua:mikefarah/yq"]]
version = "4.52.4"
backend = "aqua:mikefarah/yq"

[[tools."aqua:suzuki-shunsuke/ghalint"]]
version = "1.5.5"
backend = "aqua:suzuki-shunsuke/ghalint"

[[tools.hk]]
version = "1.37.0"
backend = "aqua:jdx/hk"

[[tools.jq]]
version = "1.8.1"
backend = "aqua:jqlang/jq"

[[tools."npm:markdownlint-cli"]]
version = "0.48.0"
backend = "npm:markdownlint-cli"

[[tools.pkl]]
version = "0.31.0"
backend = "aqua:apple/pkl"

[[tools.shfmt]]
version = "3.12.0"
backend = "aqua:mvdan/sh"

[[tools.stylua]]
version = "2.3.1"
backend = "aqua:JohnnyMorganz/StyLua"
