lockfileVersion: '9.0'

settings:
  autoInstallPeers: true
  excludeLinksFromLockfile: false

importers:

  .:
    dependencies:
      ccusage:
        specifier: 20.0.26
        version: 20.0.26

packages:

  '@ccusage/ccusage-darwin-arm64@20.0.26':
    resolution: {integrity: sha512-wc2Ed0elPARpRyfQkSrSXuX136yDEGOLkMqxQA/3gdNm+/hxgAN4fKeZsawFKelofLoCvWIy+QkUbSJ71BwNxw==}
    cpu: [arm64]
    os: [darwin]

  '@ccusage/ccusage-darwin-x64@20.0.26':
    resolution: {integrity: sha512-nka8clxB50Z1k+wcKTzV4oNpxin5z+9NmDqeF3VGk67s3occehKGDLFWeRsmDZERRC4uFzOc6GaqFt1bYLQjBw==}
    cpu: [x64]
    os: [darwin]

  '@ccusage/ccusage-linux-arm64@20.0.26':
    resolution: {integrity: sha512-R8/gdX+XNYVxH6ZPq3RtBJt8TU23BFMLaHXwgF+ZYZyi8qbHwofrQemgZflB2cKWYgz3ejXuS2U2ggqzqNW8rw==}
    cpu: [arm64]
    os: [linux]

  '@ccusage/ccusage-linux-x64@20.0.26':
    resolution: {integrity: sha512-46wa7ImMzejMUuo5pSI2uYml7jgE58TID2/QQS9YJO3BwI6woyti6cy3xtZk+TyG1HiyzeH8P+3r8hSVDaAvsg==}
    cpu: [x64]
    os: [linux]

  '@ccusage/ccusage-win32-arm64@20.0.26':
    resolution: {integrity: sha512-b8NhotspDebbi2Pm0YEnWgD7v0XDw362fpmFhkXMyCytSnjyRPLwYAvSNRsQv1Y3YLKoxNMZjYeD7uea2+rlMw==}
    cpu: [arm64]
    os: [win32]

  '@ccusage/ccusage-win32-x64@20.0.26':
    resolution: {integrity: sha512-YMmtsZn4QNDwjglTKI3dvIZIyfqNQjoMPvJRpt6EVcfNzP7z8+OdxYp6Vd8Zj1ZwjHkLKqQGLQnV9fLnt5n/2A==}
    cpu: [x64]
    os: [win32]

  ccusage@20.0.26:
    resolution: {integrity: sha512-46TTmFKcuNyWbtqj8HZqWTmVQIsApvGO4xP+E2VL5NC/oMjdtHOv9svVTsHX1WQgetbNOV4GdvQGHLG22vXZgg==}
    hasBin: true

snapshots:

  '@ccusage/ccusage-darwin-arm64@20.0.26':
    optional: true

  '@ccusage/ccusage-darwin-x64@20.0.26':
    optional: true

  '@ccusage/ccusage-linux-arm64@20.0.26':
    optional: true

  '@ccusage/ccusage-linux-x64@20.0.26':
    optional: true

  '@ccusage/ccusage-win32-arm64@20.0.26':
    optional: true

  '@ccusage/ccusage-win32-x64@20.0.26':
    optional: true

  ccusage@20.0.26:
    optionalDependencies:
      '@ccusage/ccusage-darwin-arm64': 20.0.26
      '@ccusage/ccusage-darwin-x64': 20.0.26
      '@ccusage/ccusage-linux-arm64': 20.0.26
      '@ccusage/ccusage-linux-x64': 20.0.26
      '@ccusage/ccusage-win32-arm64': 20.0.26
      '@ccusage/ccusage-win32-x64': 20.0.26
