lockfileVersion: '9.0'

settings:
  autoInstallPeers: true
  excludeLinksFromLockfile: false

importers:

  .:
    dependencies:
      '@openai/codex':
        specifier: 0.160.0
        version: 0.160.0

packages:

  '@openai/codex-darwin-arm64@0.160.0-darwin-arm64':
    resolution: {integrity: sha512-aefV6cqZA2REZgR//4McyXlp7zLcTti4CI2v3j9IVgNndPBv2kCeNEcz07qeelXcwOdSFPUKb6roA48vZmDgrQ==}
    engines: {node: '>=16'}
    cpu: [arm64]
    os: [darwin]
    aliasOf: '@openai/codex'

  '@openai/codex-darwin-x64@0.160.0-darwin-x64':
    resolution: {integrity: sha512-ir7cdsPrb9VkqNqpTECoTiomv04xws/FQ968mHQzuL+2J5Da0Dkh2Qlxp7sguDDZJab4YpYmNjQvBVMXbTeQaQ==}
    engines: {node: '>=16'}
    cpu: [x64]
    os: [darwin]
    aliasOf: '@openai/codex'

  '@openai/codex-linux-arm64@0.160.0-linux-arm64':
    resolution: {integrity: sha512-VnVdsS06YlDsL8OwaJjQ3xdqdJNG4i+eBJBV3LytddknzSaF/urijLzVg3ptkwvoj8C7Gn7iWpVE+y8WEaPiCg==}
    engines: {node: '>=16'}
    cpu: [arm64]
    os: [linux]
    aliasOf: '@openai/codex'

  '@openai/codex-linux-x64@0.160.0-linux-x64':
    resolution: {integrity: sha512-KI/73OqGrHmR18s7ya7E1NqV6rT0y3lxr0s8S1qR2m6zU6QRF/HlR529jALLh5vjdUnsRT4Ahoxt0axb4kY99g==}
    engines: {node: '>=16'}
    cpu: [x64]
    os: [linux]
    aliasOf: '@openai/codex'

  '@openai/codex-win32-arm64@0.160.0-win32-arm64':
    resolution: {integrity: sha512-tTvK9ZIGuj9WnYaYOAnfjJVSfPV7dKqWtDHqUPLf0Hadp6SgynTxx7S7iMXRieFeXVOI2XH76KxEHSOTOnz3zw==}
    engines: {node: '>=16'}
    cpu: [arm64]
    os: [win32]
    aliasOf: '@openai/codex'

  '@openai/codex-win32-x64@0.160.0-win32-x64':
    resolution: {integrity: sha512-/gCFcuOmGlQkgGivWCtY8BNEDixh70Pue0HZOk9S8bj2vUIE1GLD9zcNB/KqqDJmn0S+lIttauLpzQnw6HOCHA==}
    engines: {node: '>=16'}
    cpu: [x64]
    os: [win32]
    aliasOf: '@openai/codex'

  '@openai/codex@0.160.0':
    resolution: {integrity: sha512-kEtVGzjRAYAMOwJxN39bGcna7LT3IDQgq64NNJ/dDTfu4OzZaocJcyNb5/gGJ/IVF/Vj7oK7E2m3nmTan7lpjg==}
    engines: {node: '>=16'}
    hasBin: true

snapshots:

  '@openai/codex-darwin-arm64@0.160.0-darwin-arm64':
    optional: true

  '@openai/codex-darwin-x64@0.160.0-darwin-x64':
    optional: true

  '@openai/codex-linux-arm64@0.160.0-linux-arm64':
    optional: true

  '@openai/codex-linux-x64@0.160.0-linux-x64':
    optional: true

  '@openai/codex-win32-arm64@0.160.0-win32-arm64':
    optional: true

  '@openai/codex-win32-x64@0.160.0-win32-x64':
    optional: true

  '@openai/codex@0.160.0':
    optionalDependencies:
      '@openai/codex-darwin-arm64': 0.160.0-darwin-arm64
      '@openai/codex-darwin-x64': 0.160.0-darwin-x64
      '@openai/codex-linux-arm64': 0.160.0-linux-arm64
      '@openai/codex-linux-x64': 0.160.0-linux-x64
      '@openai/codex-win32-arm64': 0.160.0-win32-arm64
      '@openai/codex-win32-x64': 0.160.0-win32-x64
