# @generated - this file is auto-generated by `mise lock` https://mise.jdx.dev/dev-tools/mise-lock.html

[[tools."aqua:bootandy/dust"]]
version = "1.2.4"
backend = "aqua:bootandy/dust"

[tools."aqua:bootandy/dust"."platforms.linux-arm64"]
checksum = "sha256:e09b0d24b5da0fa06aecf1561849c13ae41ef055c1ce7077e35e9a46744b16af"
url = "https://github.com/bootandy/dust/releases/download/v1.2.4/dust-v1.2.4-aarch64-unknown-linux-musl.tar.gz"
url_api = "https://api.github.com/repos/bootandy/dust/releases/assets/338101084"

[tools."aqua:bootandy/dust"."platforms.linux-arm64-musl"]
checksum = "sha256:e09b0d24b5da0fa06aecf1561849c13ae41ef055c1ce7077e35e9a46744b16af"
url = "https://github.com/bootandy/dust/releases/download/v1.2.4/dust-v1.2.4-aarch64-unknown-linux-musl.tar.gz"
url_api = "https://api.github.com/repos/bootandy/dust/releases/assets/338101084"

[tools."aqua:bootandy/dust"."platforms.linux-x64"]
checksum = "sha256:4e313f9f854017e58a2ada4c0d1774677b8cf53d63ab55a991d5871d5f504452"
url = "https://github.com/bootandy/dust/releases/download/v1.2.4/dust-v1.2.4-x86_64-unknown-linux-musl.tar.gz"
url_api = "https://api.github.com/repos/bootandy/dust/releases/assets/338099991"

[tools."aqua:bootandy/dust"."platforms.linux-x64-musl"]
checksum = "sha256:4e313f9f854017e58a2ada4c0d1774677b8cf53d63ab55a991d5871d5f504452"
url = "https://github.com/bootandy/dust/releases/download/v1.2.4/dust-v1.2.4-x86_64-unknown-linux-musl.tar.gz"
url_api = "https://api.github.com/repos/bootandy/dust/releases/assets/338099991"

[tools."aqua:bootandy/dust"."platforms.macos-arm64"]
checksum = "sha256:bf84d3ff7f58e325d3eb5bb7696df6b22ef1e01fec80c2d8f7c9d3e611be66f4"
url = "https://github.com/bootandy/dust/releases/download/v1.2.4/dust-v1.2.4-x86_64-apple-darwin.tar.gz"
url_api = "https://api.github.com/repos/bootandy/dust/releases/assets/338099240"

[tools."aqua:bootandy/dust"."platforms.macos-x64"]
checksum = "sha256:bf84d3ff7f58e325d3eb5bb7696df6b22ef1e01fec80c2d8f7c9d3e611be66f4"
url = "https://github.com/bootandy/dust/releases/download/v1.2.4/dust-v1.2.4-x86_64-apple-darwin.tar.gz"
url_api = "https://api.github.com/repos/bootandy/dust/releases/assets/338099240"

[tools."aqua:bootandy/dust"."platforms.windows-x64"]
checksum = "sha256:eb08d642f016787bb9fc918a4dc5f34665463657fddf83a40f2441cbf020fb4c"
url = "https://github.com/bootandy/dust/releases/download/v1.2.4/dust-v1.2.4-x86_64-pc-windows-msvc.zip"
url_api = "https://api.github.com/repos/bootandy/dust/releases/assets/338102043"

[[tools.bun]]
version = "1.3.14"
backend = "core:bun"

[tools.bun."platforms.linux-arm64"]
checksum = "sha256:a27ffb63a8310375836e0d6f668ae17fa8d8d18b88c37c821c65331973a19a3b"
url = "https://github.com/oven-sh/bun/releases/download/bun-v1.3.14/bun-linux-aarch64.zip"

[tools.bun."platforms.linux-arm64-musl"]
checksum = "sha256:b98e0ad3625c5c00d1d5b5ff55605c7adddbfae151861e68ade57b2d3b8703bb"
url = "https://github.com/oven-sh/bun/releases/download/bun-v1.3.14/bun-linux-aarch64-musl.zip"

[tools.bun."platforms.linux-x64"]
checksum = "sha256:951ee2aee855f08595aeec6225226a298d3fea83a3dcd6465c09cbccdf7e848f"
url = "https://github.com/oven-sh/bun/releases/download/bun-v1.3.14/bun-linux-x64.zip"

[tools.bun."platforms.linux-x64-baseline"]
checksum = "sha256:a063908ae08b7852ca10939bbdc6ceed3ddabce8fb9402dce83d65d73b36e6c7"
url = "https://github.com/oven-sh/bun/releases/download/bun-v1.3.14/bun-linux-x64-baseline.zip"

[tools.bun."platforms.linux-x64-musl"]
checksum = "sha256:14bd9aedeebf1dba67e8def9531c89bc989ecfdf1de42e5bfcaf1b8cd9294719"
url = "https://github.com/oven-sh/bun/releases/download/bun-v1.3.14/bun-linux-x64-musl.zip"

[tools.bun."platforms.linux-x64-musl-baseline"]
checksum = "sha256:56a7d6806cf155536c0178f0ea5fbd098e684fa509ebdb4fc0a7e19fb65382dc"
url = "https://github.com/oven-sh/bun/releases/download/bun-v1.3.14/bun-linux-x64-musl-baseline.zip"

[tools.bun."platforms.macos-arm64"]
checksum = "sha256:d8b96221828ad6f97ac7ac0ab7e95872341af763001e8803e8267652c2652620"
url = "https://github.com/oven-sh/bun/releases/download/bun-v1.3.14/bun-darwin-aarch64.zip"

[tools.bun."platforms.macos-x64"]
checksum = "sha256:4183df3374623e5bab315c547cfa0974533cd457d86b73b639f7a87974cd6633"
url = "https://github.com/oven-sh/bun/releases/download/bun-v1.3.14/bun-darwin-x64.zip"

[tools.bun."platforms.macos-x64-baseline"]
checksum = "sha256:3e35ad6f53971a9834bf9e6786e2adf72b5f1921cc9a9c5fde073d2972944076"
url = "https://github.com/oven-sh/bun/releases/download/bun-v1.3.14/bun-darwin-x64-baseline.zip"

[tools.bun."platforms.windows-x64"]
checksum = "sha256:0a0620930b6675d7ba440e81f4e0e00d3cfbe096c4b140d3fff02205e9e18922"
url = "https://github.com/oven-sh/bun/releases/download/bun-v1.3.14/bun-windows-x64.zip"

[tools.bun."platforms.windows-x64-baseline"]
checksum = "sha256:538f9c846355d9e847b2671bc00c47da4229a0befb24df3282b739770f3b475f"
url = "https://github.com/oven-sh/bun/releases/download/bun-v1.3.14/bun-windows-x64-baseline.zip"

[[tools."cargo:https://github.com/technicalpickles/envsense"]]
version = "ref:0.6.0"
backend = "cargo:https://github.com/technicalpickles/envsense"

[[tools."cargo:https://github.com/technicalpickles/envsense"]]
version = "tag:0.6.0"
backend = "cargo:https://github.com/technicalpickles/envsense"

[[tools."cargo:tokei"]]
version = "14.0.0"
backend = "cargo:tokei"

[tools."cargo:tokei".options]
features = "cli"

[[tools.eza]]
version = "0.23.4"
backend = "aqua:eza-community/eza"

[tools.eza."platforms.linux-arm64"]
checksum = "sha256:366e8430225f9955c3dc659b452150c169894833ccfef455e01765e265a3edda"
url = "https://github.com/eza-community/eza/releases/download/v0.23.4/eza_aarch64-unknown-linux-gnu.tar.gz"
url_api = "https://api.github.com/repos/eza-community/eza/releases/assets/300249822"

[tools.eza."platforms.linux-x64"]
checksum = "sha256:d231bb3ee33b08c76279b5888845dceb7034d055c42bb9be46dbe0dae39394df"
url = "https://github.com/eza-community/eza/releases/download/v0.23.4/eza_x86_64-unknown-linux-musl.tar.gz"
url_api = "https://api.github.com/repos/eza-community/eza/releases/assets/300249833"

[tools.eza."platforms.linux-x64-musl"]
checksum = "sha256:d231bb3ee33b08c76279b5888845dceb7034d055c42bb9be46dbe0dae39394df"
url = "https://github.com/eza-community/eza/releases/download/v0.23.4/eza_x86_64-unknown-linux-musl.tar.gz"
url_api = "https://api.github.com/repos/eza-community/eza/releases/assets/300249833"

[tools.eza."platforms.windows-x64"]
checksum = "sha256:4d4f87f6bc8e6ee176789c28bee698234ce0275da013709eb16b0f14819c1688"
url = "https://github.com/eza-community/eza/releases/download/v0.23.4/eza.exe_x86_64-pc-windows-gnu.tar.gz"
url_api = "https://api.github.com/repos/eza-community/eza/releases/assets/300249826"

[[tools."github:BurntSushi/ripgrep"]]
version = "15.1.0"
backend = "github:BurntSushi/ripgrep"

[tools."github:BurntSushi/ripgrep"."platforms.linux-arm64"]
checksum = "sha256:2b661c6ef508e902f388e9098d9c4c5aca72c87b55922d94abdba830b4dc885e"
url = "https://github.com/BurntSushi/ripgrep/releases/download/15.1.0/ripgrep-15.1.0-aarch64-unknown-linux-gnu.tar.gz"
url_api = "https://api.github.com/repos/BurntSushi/ripgrep/releases/assets/307306472"

[tools."github:BurntSushi/ripgrep"."platforms.linux-arm64-musl"]
checksum = "sha256:2b661c6ef508e902f388e9098d9c4c5aca72c87b55922d94abdba830b4dc885e"
url = "https://github.com/BurntSushi/ripgrep/releases/download/15.1.0/ripgrep-15.1.0-aarch64-unknown-linux-gnu.tar.gz"
url_api = "https://api.github.com/repos/BurntSushi/ripgrep/releases/assets/307306472"

[tools."github:BurntSushi/ripgrep"."platforms.linux-x64"]
checksum = "sha256:1c9297be4a084eea7ecaedf93eb03d058d6faae29bbc57ecdaf5063921491599"
url = "https://github.com/BurntSushi/ripgrep/releases/download/15.1.0/ripgrep-15.1.0-x86_64-unknown-linux-musl.tar.gz"
url_api = "https://api.github.com/repos/BurntSushi/ripgrep/releases/assets/307306614"

[tools."github:BurntSushi/ripgrep"."platforms.linux-x64-musl"]
checksum = "sha256:1c9297be4a084eea7ecaedf93eb03d058d6faae29bbc57ecdaf5063921491599"
url = "https://github.com/BurntSushi/ripgrep/releases/download/15.1.0/ripgrep-15.1.0-x86_64-unknown-linux-musl.tar.gz"
url_api = "https://api.github.com/repos/BurntSushi/ripgrep/releases/assets/307306614"

[tools."github:BurntSushi/ripgrep"."platforms.macos-arm64"]
checksum = "sha256:378e973289176ca0c6054054ee7f631a065874a352bf43f0fa60ef079b6ba715"
url = "https://github.com/BurntSushi/ripgrep/releases/download/15.1.0/ripgrep-15.1.0-aarch64-apple-darwin.tar.gz"
url_api = "https://api.github.com/repos/BurntSushi/ripgrep/releases/assets/307305438"

[tools."github:BurntSushi/ripgrep"."platforms.macos-x64"]
checksum = "sha256:64811cb24e77cac3057d6c40b63ac9becf9082eedd54ca411b475b755d334882"
url = "https://github.com/BurntSushi/ripgrep/releases/download/15.1.0/ripgrep-15.1.0-x86_64-apple-darwin.tar.gz"
url_api = "https://api.github.com/repos/BurntSushi/ripgrep/releases/assets/307305422"

[tools."github:BurntSushi/ripgrep"."platforms.windows-x64"]
checksum = "sha256:124510b94b6baa3380d051fdf4650eaa80a302c876d611e9dba0b2e18d87493a"
url = "https://github.com/BurntSushi/ripgrep/releases/download/15.1.0/ripgrep-15.1.0-x86_64-pc-windows-msvc.zip"
url_api = "https://api.github.com/repos/BurntSushi/ripgrep/releases/assets/307305871"

[[tools."github:ajeetdsouza/zoxide"]]
version = "0.10.0"
backend = "github:ajeetdsouza/zoxide"

[tools."github:ajeetdsouza/zoxide".options]
asset_pattern = "zoxide-*-aarch64-unknown-linux-musl.tar.gz"

[tools."github:ajeetdsouza/zoxide"."platforms.linux-arm64"]
checksum = "sha256:f1f16c5d6298d63dee467eedea1cdcd8490e43e493bea43acd416dc9033ef641"
url = "https://github.com/ajeetdsouza/zoxide/releases/download/v0.10.0/zoxide-0.10.0-aarch64-unknown-linux-musl.tar.gz"
url_api = "https://api.github.com/repos/ajeetdsouza/zoxide/releases/assets/466316402"

[tools."github:ajeetdsouza/zoxide"."platforms.linux-arm64-musl"]
checksum = "sha256:f1f16c5d6298d63dee467eedea1cdcd8490e43e493bea43acd416dc9033ef641"
url = "https://github.com/ajeetdsouza/zoxide/releases/download/v0.10.0/zoxide-0.10.0-aarch64-unknown-linux-musl.tar.gz"
url_api = "https://api.github.com/repos/ajeetdsouza/zoxide/releases/assets/466316402"

[[tools."github:ajeetdsouza/zoxide"]]
version = "0.10.0"
backend = "github:ajeetdsouza/zoxide"

[tools."github:ajeetdsouza/zoxide"."platforms.linux-x64"]
checksum = "sha256:2d93385b99f3e82cf2701609a1bffcad863fbeb75aa3fe7eb6be4d29be68b1ae"
url = "https://github.com/ajeetdsouza/zoxide/releases/download/v0.10.0/zoxide-0.10.0-x86_64-unknown-linux-musl.tar.gz"
url_api = "https://api.github.com/repos/ajeetdsouza/zoxide/releases/assets/466316293"

[tools."github:ajeetdsouza/zoxide"."platforms.linux-x64-musl"]
checksum = "sha256:2d93385b99f3e82cf2701609a1bffcad863fbeb75aa3fe7eb6be4d29be68b1ae"
url = "https://github.com/ajeetdsouza/zoxide/releases/download/v0.10.0/zoxide-0.10.0-x86_64-unknown-linux-musl.tar.gz"
url_api = "https://api.github.com/repos/ajeetdsouza/zoxide/releases/assets/466316293"

[tools."github:ajeetdsouza/zoxide"."platforms.macos-arm64"]
checksum = "sha256:b55ae6f2f5f23d0a6ccb3bd4eeb2af9c7e0a6556e5255c82100e40305129bbb0"
url = "https://github.com/ajeetdsouza/zoxide/releases/download/v0.10.0/zoxide-0.10.0-aarch64-apple-darwin.tar.gz"
url_api = "https://api.github.com/repos/ajeetdsouza/zoxide/releases/assets/466316174"

[tools."github:ajeetdsouza/zoxide"."platforms.macos-x64"]
checksum = "sha256:18ab7ae2633ad6e2ab79a4e665cbba1e95b7c872d44523326efb793202451dad"
url = "https://github.com/ajeetdsouza/zoxide/releases/download/v0.10.0/zoxide-0.10.0-x86_64-apple-darwin.tar.gz"
url_api = "https://api.github.com/repos/ajeetdsouza/zoxide/releases/assets/466316167"

[tools."github:ajeetdsouza/zoxide"."platforms.windows-x64"]
checksum = "sha256:f465ae548f8754c8e7edbc60b45fbf58c92bfe123db83d790252d6810fa5daf1"
url = "https://github.com/ajeetdsouza/zoxide/releases/download/v0.10.0/zoxide-0.10.0-x86_64-pc-windows-msvc.zip"
url_api = "https://api.github.com/repos/ajeetdsouza/zoxide/releases/assets/466316769"

[[tools."github:dandavison/delta"]]
version = "0.19.2"
backend = "github:dandavison/delta"

[[tools."github:jqlang/jq"]]
version = "jq-1.8.2"
backend = "github:jqlang/jq"

[[tools.node]]
version = "26.4.0"
backend = "core:node"

[tools.node."platforms.linux-arm64"]
checksum = "sha256:773d9ec67266838270ddc105c2548ae8aaff28bc8fe6f34c55d1094043c4165e"
url = "https://nodejs.org/dist/v26.4.0/node-v26.4.0-linux-arm64.tar.gz"

[tools.node."platforms.linux-arm64-musl"]
checksum = "sha256:d2ad8c6e9fa955edf0337078c1d1acda345d36a84986b218cce3cfd1d2d26920"
url = "https://unofficial-builds.nodejs.org/download/release/v26.4.0/node-v26.4.0-linux-arm64-musl.tar.gz"

[tools.node."platforms.linux-x64"]
checksum = "sha256:f221dab30d0e9d544332f06fbee2c62186c97d864d5cac8482dba34f1e38b8dc"
url = "https://nodejs.org/dist/v26.4.0/node-v26.4.0-linux-x64.tar.gz"

[tools.node."platforms.linux-x64-musl"]
checksum = "sha256:554e960f6570bd3d1987f5170d8f2a373a21818581a8d307b697e7839988314a"
url = "https://unofficial-builds.nodejs.org/download/release/v26.4.0/node-v26.4.0-linux-x64-musl.tar.gz"

[tools.node."platforms.macos-arm64"]
checksum = "sha256:4f4fbcacf6b1ff1a95deedba7bd7b2d79efecaa53a8ecb0530546dc9063fefbc"
url = "https://nodejs.org/dist/v26.4.0/node-v26.4.0-darwin-arm64.tar.gz"

[tools.node."platforms.macos-x64"]
checksum = "sha256:eb3bdd8dec3ff2558ee10e284da7d2a3865af0cbda21f06d397b0265837c641e"
url = "https://nodejs.org/dist/v26.4.0/node-v26.4.0-darwin-x64.tar.gz"

[tools.node."platforms.windows-x64"]
checksum = "sha256:5f87d038c6ec442aa46b9126f8ca170acbd2f3b9b9152ca798cf54596a31e214"
url = "https://nodejs.org/dist/v26.4.0/node-v26.4.0-win-x64.zip"

[[tools."npm:@openai/codex"]]
version = "0.142.5"
backend = "npm:@openai/codex"

[[tools."npm:@owloops/claude-powerline"]]
version = "1.27.0"
backend = "npm:@owloops/claude-powerline"

[[tools."npm:@playwright/mcp"]]
version = "0.0.77"
backend = "npm:@playwright/mcp"

[[tools."npm:@tobilu/qmd"]]
version = "2.5.3"
backend = "npm:@tobilu/qmd"

[[tools."npm:bktide"]]
version = "1.0.1782920867"
backend = "npm:bktide"

[[tools."npm:ccusage"]]
version = "20.0.14"
backend = "npm:ccusage"

[[tools."npm:git-mob"]]
version = "4.0.1"
backend = "npm:git-mob"

[[tools.pipx]]
version = "1.15.0"
backend = "aqua:pypa/pipx"

[tools.pipx."platforms.linux-arm64"]
checksum = "sha256:6b6e1b016bf7df9debee590ca32204a85ff18a87514e6a3b4413d8ad7ff73ed3"
url = "https://github.com/pypa/pipx/releases/download/1.15.0/pipx.pyz"
url_api = "https://api.github.com/repos/pypa/pipx/releases/assets/457122996"

[tools.pipx."platforms.linux-arm64-musl"]
checksum = "sha256:6b6e1b016bf7df9debee590ca32204a85ff18a87514e6a3b4413d8ad7ff73ed3"
url = "https://github.com/pypa/pipx/releases/download/1.15.0/pipx.pyz"
url_api = "https://api.github.com/repos/pypa/pipx/releases/assets/457122996"

[tools.pipx."platforms.linux-x64"]
checksum = "sha256:6b6e1b016bf7df9debee590ca32204a85ff18a87514e6a3b4413d8ad7ff73ed3"
url = "https://github.com/pypa/pipx/releases/download/1.15.0/pipx.pyz"
url_api = "https://api.github.com/repos/pypa/pipx/releases/assets/457122996"

[tools.pipx."platforms.linux-x64-musl"]
checksum = "sha256:6b6e1b016bf7df9debee590ca32204a85ff18a87514e6a3b4413d8ad7ff73ed3"
url = "https://github.com/pypa/pipx/releases/download/1.15.0/pipx.pyz"
url_api = "https://api.github.com/repos/pypa/pipx/releases/assets/457122996"

[tools.pipx."platforms.macos-arm64"]
checksum = "sha256:6b6e1b016bf7df9debee590ca32204a85ff18a87514e6a3b4413d8ad7ff73ed3"
url = "https://github.com/pypa/pipx/releases/download/1.15.0/pipx.pyz"
url_api = "https://api.github.com/repos/pypa/pipx/releases/assets/457122996"

[tools.pipx."platforms.macos-x64"]
checksum = "sha256:6b6e1b016bf7df9debee590ca32204a85ff18a87514e6a3b4413d8ad7ff73ed3"
url = "https://github.com/pypa/pipx/releases/download/1.15.0/pipx.pyz"
url_api = "https://api.github.com/repos/pypa/pipx/releases/assets/457122996"

[[tools."pipx:claude-conversation-extractor"]]
version = "1.1.2"
backend = "pipx:claude-conversation-extractor"

[[tools."pipx:gitingest"]]
version = "0.3.1"
backend = "pipx:gitingest"

[[tools.pkl]]
version = "0.31.1"
backend = "aqua:apple/pkl"

[tools.pkl."platforms.linux-arm64"]
checksum = "sha256:7ef10e743daa921fb94ae7bdb9ec6986f362bf250c55814b9ea2aeb13f2d083e"
url = "https://github.com/apple/pkl/releases/download/0.31.1/pkl-linux-aarch64"
url_api = "https://api.github.com/repos/apple/pkl/releases/assets/382243722"

[tools.pkl."platforms.linux-arm64-musl"]
checksum = "sha256:7ef10e743daa921fb94ae7bdb9ec6986f362bf250c55814b9ea2aeb13f2d083e"
url = "https://github.com/apple/pkl/releases/download/0.31.1/pkl-linux-aarch64"
url_api = "https://api.github.com/repos/apple/pkl/releases/assets/382243722"

[tools.pkl."platforms.linux-x64"]
checksum = "sha256:618f13955d755cafbfe8c9cba1d27635848cd49dbc6abffd398d2751db1231bf"
url = "https://github.com/apple/pkl/releases/download/0.31.1/pkl-linux-amd64"
url_api = "https://api.github.com/repos/apple/pkl/releases/assets/382243718"

[tools.pkl."platforms.linux-x64-musl"]
checksum = "sha256:618f13955d755cafbfe8c9cba1d27635848cd49dbc6abffd398d2751db1231bf"
url = "https://github.com/apple/pkl/releases/download/0.31.1/pkl-linux-amd64"
url_api = "https://api.github.com/repos/apple/pkl/releases/assets/382243718"

[tools.pkl."platforms.macos-arm64"]
checksum = "sha256:1b6a5438d9624cd2798a7530721bbbfa27ef72efe5c878a1b6c546c6e7ca0e8f"
url = "https://github.com/apple/pkl/releases/download/0.31.1/pkl-macos-aarch64"
url_api = "https://api.github.com/repos/apple/pkl/releases/assets/382243720"

[tools.pkl."platforms.macos-x64"]
checksum = "sha256:22123ed4ae4c03afa8c54c69f77f0bec39b0fa0f67b09d6d148e0a376a2a471d"
url = "https://github.com/apple/pkl/releases/download/0.31.1/pkl-macos-amd64"
url_api = "https://api.github.com/repos/apple/pkl/releases/assets/382243726"

[tools.pkl."platforms.windows-x64"]
checksum = "sha256:a8834481667325b44c539dbb758d7365a16389070f343c04b639bbe525ede013"
url = "https://github.com/apple/pkl/releases/download/0.31.1/pkl-windows-amd64.exe"
url_api = "https://api.github.com/repos/apple/pkl/releases/assets/382243744"

[[tools.python]]
version = "3.14.6"
backend = "core:python"

[tools.python."platforms.linux-arm64"]
checksum = "sha256:f177d40ca931df03f660fc006f86ad8cd2ac6e7d6b5d54edbc625103464fc4aa"
url = "https://github.com/astral-sh/python-build-standalone/releases/download/20260623/cpython-3.14.6+20260623-aarch64-unknown-linux-gnu-install_only_stripped.tar.gz"
provenance = "github-attestations"

[tools.python."platforms.linux-arm64-musl"]
checksum = "sha256:11d463be3e2d34ea67722acfd8f3f2d6d6e5b6b4d4ab27240f220628134a0141"
url = "https://github.com/astral-sh/python-build-standalone/releases/download/20260623/cpython-3.14.6+20260623-aarch64-unknown-linux-musl-install_only_stripped.tar.gz"
provenance = "github-attestations"

[tools.python."platforms.linux-x64"]
checksum = "sha256:c172314f4a8ec137a8f605289010c3d19c8b56867d968f0095074cc68efa1d29"
url = "https://github.com/astral-sh/python-build-standalone/releases/download/20260623/cpython-3.14.6+20260623-x86_64-unknown-linux-gnu-install_only_stripped.tar.gz"
provenance = "github-attestations"

[tools.python."platforms.linux-x64-musl"]
checksum = "sha256:f25064ecb3b07cfe2440b178e72001cf1e0d69a5e53625ca3a32b7ae4e2fdcc6"
url = "https://github.com/astral-sh/python-build-standalone/releases/download/20260623/cpython-3.14.6+20260623-x86_64-unknown-linux-musl-install_only_stripped.tar.gz"
provenance = "github-attestations"

[tools.python."platforms.macos-arm64"]
checksum = "sha256:35d774f61d63c1fd4f1bc9495a7ada92e500dc4382a0df8a9910eb87ea48e8cf"
url = "https://github.com/astral-sh/python-build-standalone/releases/download/20260623/cpython-3.14.6+20260623-aarch64-apple-darwin-install_only_stripped.tar.gz"
provenance = "github-attestations"

[tools.python."platforms.macos-x64"]
checksum = "sha256:12fb3ea3d6a855fe6ca1c2241702b06cb7e5939fbef09a5f54bf326e480f66af"
url = "https://github.com/astral-sh/python-build-standalone/releases/download/20260623/cpython-3.14.6+20260623-x86_64-apple-darwin-install_only_stripped.tar.gz"
provenance = "github-attestations"

[tools.python."platforms.windows-x64"]
checksum = "sha256:ec05b628ad749682d06d225780fbc02e7bbb5ce2146c9bd8e74a3659b14b693a"
url = "https://github.com/astral-sh/python-build-standalone/releases/download/20260623/cpython-3.14.6+20260623-x86_64-pc-windows-msvc-install_only_stripped.tar.gz"
provenance = "github-attestations"

[[tools.rust]]
version = "1.96.1"
backend = "core:rust"
