# @generated - this file is auto-generated by `mise lock` https://mise.jdx.dev/dev-tools/mise-lock.html

[[tools."aqua:bootandy/dust"]]
version = "1.2.4"
backend = "aqua:bootandy/dust"

[tools."aqua:bootandy/dust"."platforms.linux-arm64"]
checksum = "sha256:e09b0d24b5da0fa06aecf1561849c13ae41ef055c1ce7077e35e9a46744b16af"
url = "https://github.com/bootandy/dust/releases/download/v1.2.4/dust-v1.2.4-aarch64-unknown-linux-musl.tar.gz"

[tools."aqua:bootandy/dust"."platforms.linux-arm64-musl"]
checksum = "sha256:e09b0d24b5da0fa06aecf1561849c13ae41ef055c1ce7077e35e9a46744b16af"
url = "https://github.com/bootandy/dust/releases/download/v1.2.4/dust-v1.2.4-aarch64-unknown-linux-musl.tar.gz"

[tools."aqua:bootandy/dust"."platforms.linux-x64"]
checksum = "sha256:4e313f9f854017e58a2ada4c0d1774677b8cf53d63ab55a991d5871d5f504452"
url = "https://github.com/bootandy/dust/releases/download/v1.2.4/dust-v1.2.4-x86_64-unknown-linux-musl.tar.gz"

[tools."aqua:bootandy/dust"."platforms.linux-x64-musl"]
checksum = "sha256:4e313f9f854017e58a2ada4c0d1774677b8cf53d63ab55a991d5871d5f504452"
url = "https://github.com/bootandy/dust/releases/download/v1.2.4/dust-v1.2.4-x86_64-unknown-linux-musl.tar.gz"

[tools."aqua:bootandy/dust"."platforms.macos-arm64"]
checksum = "sha256:bf84d3ff7f58e325d3eb5bb7696df6b22ef1e01fec80c2d8f7c9d3e611be66f4"
url = "https://github.com/bootandy/dust/releases/download/v1.2.4/dust-v1.2.4-x86_64-apple-darwin.tar.gz"

[tools."aqua:bootandy/dust"."platforms.macos-x64"]
checksum = "sha256:bf84d3ff7f58e325d3eb5bb7696df6b22ef1e01fec80c2d8f7c9d3e611be66f4"
url = "https://github.com/bootandy/dust/releases/download/v1.2.4/dust-v1.2.4-x86_64-apple-darwin.tar.gz"

[tools."aqua:bootandy/dust"."platforms.windows-x64"]
checksum = "sha256:eb08d642f016787bb9fc918a4dc5f34665463657fddf83a40f2441cbf020fb4c"
url = "https://github.com/bootandy/dust/releases/download/v1.2.4/dust-v1.2.4-x86_64-pc-windows-msvc.zip"

[[tools."cargo:https://github.com/technicalpickles/envsense"]]
version = "tag:0.6.0"
backend = "cargo:https://github.com/technicalpickles/envsense"

[[tools."cargo:https://github.com/technicalpickles/envsense"]]
version = "ref:0.6.0"
backend = "cargo:https://github.com/technicalpickles/envsense"

[[tools.eza]]
version = "0.23.4"
backend = "aqua:eza-community/eza"

[tools.eza."platforms.linux-arm64"]
checksum = "sha256:366e8430225f9955c3dc659b452150c169894833ccfef455e01765e265a3edda"
url = "https://github.com/eza-community/eza/releases/download/v0.23.4/eza_aarch64-unknown-linux-gnu.tar.gz"

[tools.eza."platforms.linux-arm64-musl"]
checksum = "sha256:366e8430225f9955c3dc659b452150c169894833ccfef455e01765e265a3edda"
url = "https://github.com/eza-community/eza/releases/download/v0.23.4/eza_aarch64-unknown-linux-gnu.tar.gz"

[tools.eza."platforms.linux-x64"]
checksum = "sha256:d231bb3ee33b08c76279b5888845dceb7034d055c42bb9be46dbe0dae39394df"
url = "https://github.com/eza-community/eza/releases/download/v0.23.4/eza_x86_64-unknown-linux-musl.tar.gz"

[tools.eza."platforms.linux-x64-musl"]
checksum = "sha256:d231bb3ee33b08c76279b5888845dceb7034d055c42bb9be46dbe0dae39394df"
url = "https://github.com/eza-community/eza/releases/download/v0.23.4/eza_x86_64-unknown-linux-musl.tar.gz"

[tools.eza."platforms.windows-x64"]
checksum = "sha256:4d4f87f6bc8e6ee176789c28bee698234ce0275da013709eb16b0f14819c1688"
url = "https://github.com/eza-community/eza/releases/download/v0.23.4/eza.exe_x86_64-pc-windows-gnu.tar.gz"

[[tools."github:BurntSushi/ripgrep"]]
version = "15.1.0"
backend = "github:BurntSushi/ripgrep"

[[tools."github:ajeetdsouza/zoxide"]]
version = "0.9.9"
backend = "github:ajeetdsouza/zoxide"

[tools."github:ajeetdsouza/zoxide"."platforms.linux-arm64"]
checksum = "sha256:96e6ea2e47a71db42cb7ad5a36e9209c8cb3708f8ae00f6945573d0d93315cb0"
url = "https://github.com/ajeetdsouza/zoxide/releases/download/v0.9.9/zoxide-0.9.9-aarch64-unknown-linux-musl.tar.gz"
url_api = "https://api.github.com/repos/ajeetdsouza/zoxide/releases/assets/348580828"

[tools."github:ajeetdsouza/zoxide"."platforms.linux-arm64-musl"]
checksum = "sha256:96e6ea2e47a71db42cb7ad5a36e9209c8cb3708f8ae00f6945573d0d93315cb0"
url = "https://github.com/ajeetdsouza/zoxide/releases/download/v0.9.9/zoxide-0.9.9-aarch64-unknown-linux-musl.tar.gz"
url_api = "https://api.github.com/repos/ajeetdsouza/zoxide/releases/assets/348580828"

[tools."github:ajeetdsouza/zoxide"."platforms.linux-x64"]
checksum = "sha256:4ff057d3c4d957946937274c2b8be7af2a9bbae7f90a1b5e9baaa7cb65a20caa"
url = "https://github.com/ajeetdsouza/zoxide/releases/download/v0.9.9/zoxide-0.9.9-x86_64-unknown-linux-musl.tar.gz"
url_api = "https://api.github.com/repos/ajeetdsouza/zoxide/releases/assets/348580823"

[tools."github:ajeetdsouza/zoxide"."platforms.linux-x64-musl"]
checksum = "sha256:4ff057d3c4d957946937274c2b8be7af2a9bbae7f90a1b5e9baaa7cb65a20caa"
url = "https://github.com/ajeetdsouza/zoxide/releases/download/v0.9.9/zoxide-0.9.9-x86_64-unknown-linux-musl.tar.gz"
url_api = "https://api.github.com/repos/ajeetdsouza/zoxide/releases/assets/348580823"

[tools."github:ajeetdsouza/zoxide"."platforms.macos-arm64"]
checksum = "sha256:57e733d0436309dae2ed97e46bba43937209395298e1d88812d4e893900cb40a"
url = "https://github.com/ajeetdsouza/zoxide/releases/download/v0.9.9/zoxide-0.9.9-aarch64-apple-darwin.tar.gz"
url_api = "https://api.github.com/repos/ajeetdsouza/zoxide/releases/assets/348580748"

[tools."github:ajeetdsouza/zoxide"."platforms.macos-x64"]
checksum = "sha256:364249cff18354397c72ebb6b8f7358404c051c486e0f2f7a46e36c86c16f8c7"
url = "https://github.com/ajeetdsouza/zoxide/releases/download/v0.9.9/zoxide-0.9.9-x86_64-apple-darwin.tar.gz"
url_api = "https://api.github.com/repos/ajeetdsouza/zoxide/releases/assets/348580756"

[tools."github:ajeetdsouza/zoxide"."platforms.windows-x64"]
checksum = "sha256:5af00d0916f05631e3030537289eac56605e7c1733318c4d525c8e847f12496d"
url = "https://github.com/ajeetdsouza/zoxide/releases/download/v0.9.9/zoxide-0.9.9-x86_64-pc-windows-msvc.zip"
url_api = "https://api.github.com/repos/ajeetdsouza/zoxide/releases/assets/348580868"

[[tools."github:atuinsh/atuin"]]
version = "18.12.1"
backend = "github:atuinsh/atuin"

[tools."github:atuinsh/atuin"."platforms.linux-arm64"]
checksum = "sha256:334673af046ef830b78ca2f5cff24934b670da4f41f30592ad862fa31bd4d501"
url = "https://github.com/atuinsh/atuin/releases/download/v18.12.1/atuin-aarch64-unknown-linux-gnu.tar.gz"
url_api = "https://api.github.com/repos/atuinsh/atuin/releases/assets/354457639"

[tools."github:atuinsh/atuin"."platforms.linux-arm64-musl"]
checksum = "sha256:7c03a5bf2daaea389426943213bc82dce680e0bfd54afea4cbb0686a2c9f8d13"
url = "https://github.com/atuinsh/atuin/releases/download/v18.12.1/atuin-aarch64-unknown-linux-musl.tar.gz"
url_api = "https://api.github.com/repos/atuinsh/atuin/releases/assets/354457682"

[tools."github:atuinsh/atuin"."platforms.linux-x64"]
checksum = "sha256:b7331614a5ad8582f35ed6debe9288a6a3c8966c31097f69b7785a1c0c1c1388"
url = "https://github.com/atuinsh/atuin/releases/download/v18.12.1/atuin-server-x86_64-unknown-linux-gnu.tar.gz"
url_api = "https://api.github.com/repos/atuinsh/atuin/releases/assets/354457783"

[tools."github:atuinsh/atuin"."platforms.linux-x64-musl"]
checksum = "sha256:f3a1f31b0c5a87ad8af702d8890ed44c2e7ac94225cf27361b350dc17472966c"
url = "https://github.com/atuinsh/atuin/releases/download/v18.12.1/atuin-server-x86_64-unknown-linux-musl.tar.gz"
url_api = "https://api.github.com/repos/atuinsh/atuin/releases/assets/354457788"

[tools."github:atuinsh/atuin"."platforms.macos-arm64"]
checksum = "sha256:bc4935ea9bddb1fc63d86f5859ba3c00c9d834ac8e1c689508ffb71054d63231"
url = "https://github.com/atuinsh/atuin/releases/download/v18.12.1/atuin-aarch64-apple-darwin.tar.gz"
url_api = "https://api.github.com/repos/atuinsh/atuin/releases/assets/354457637"

[tools."github:atuinsh/atuin"."platforms.macos-x64"]
checksum = "sha256:94b38e6031bad2409c176beae63580da35a1c3a1c129cc7c4c8f74f1e2965638"
url = "https://github.com/atuinsh/atuin/releases/download/v18.12.1/source.tar.gz"
url_api = "https://api.github.com/repos/atuinsh/atuin/releases/assets/354457812"

[tools."github:atuinsh/atuin"."platforms.windows-x64"]
checksum = "sha256:140cdbf9d4caac64ef6d2c17b6e0d0a4bdc26b64ea007333c809070f41e44b82"
url = "https://github.com/atuinsh/atuin/releases/download/v18.12.1/atuin-server-x86_64-pc-windows-msvc.zip"
url_api = "https://api.github.com/repos/atuinsh/atuin/releases/assets/354457750"

[[tools."github:buildkite/cli"]]
version = "3.34.0"
backend = "github:buildkite/cli"

[[tools."github:carapace-sh/carapace-bin"]]
version = "1.6.4"
backend = "github:carapace-sh/carapace-bin"

[tools."github:carapace-sh/carapace-bin"."platforms.linux-arm64"]
checksum = "sha256:17293dcadaebb615984042019125ed2fe932af1bfb48fc2b916c1e67249e748b"
url = "https://github.com/carapace-sh/carapace-bin/releases/download/v1.6.4/carapace-bin_1.6.4_linux_arm64.tar.gz"
url_api = "https://api.github.com/repos/carapace-sh/carapace-bin/releases/assets/377102926"

[tools."github:carapace-sh/carapace-bin"."platforms.linux-arm64-musl"]
checksum = "sha256:17293dcadaebb615984042019125ed2fe932af1bfb48fc2b916c1e67249e748b"
url = "https://github.com/carapace-sh/carapace-bin/releases/download/v1.6.4/carapace-bin_1.6.4_linux_arm64.tar.gz"
url_api = "https://api.github.com/repos/carapace-sh/carapace-bin/releases/assets/377102926"

[tools."github:carapace-sh/carapace-bin"."platforms.linux-x64"]
checksum = "sha256:885ee9f90ab759c60e50d8123966c4edabb426c5cac531253c8d75a30145eff2"
url = "https://github.com/carapace-sh/carapace-bin/releases/download/v1.6.4/carapace-bin_1.6.4_linux_amd64.tar.gz"
url_api = "https://api.github.com/repos/carapace-sh/carapace-bin/releases/assets/377102927"

[tools."github:carapace-sh/carapace-bin"."platforms.linux-x64-musl"]
checksum = "sha256:885ee9f90ab759c60e50d8123966c4edabb426c5cac531253c8d75a30145eff2"
url = "https://github.com/carapace-sh/carapace-bin/releases/download/v1.6.4/carapace-bin_1.6.4_linux_amd64.tar.gz"
url_api = "https://api.github.com/repos/carapace-sh/carapace-bin/releases/assets/377102927"

[tools."github:carapace-sh/carapace-bin"."platforms.macos-arm64"]
checksum = "sha256:67689f9f14d8d99a87ac70e680ccfb98a702c16e4b1058ef6309a05834e68f09"
url = "https://github.com/carapace-sh/carapace-bin/releases/download/v1.6.4/carapace-bin_1.6.4_darwin_arm64.tar.gz"
url_api = "https://api.github.com/repos/carapace-sh/carapace-bin/releases/assets/377102900"

[tools."github:carapace-sh/carapace-bin"."platforms.macos-x64"]
checksum = "sha256:6c9b9cbe06fa58c81f888f2b2254eaac9c97ffc9ad53ed7e642695afd066d375"
url = "https://github.com/carapace-sh/carapace-bin/releases/download/v1.6.4/carapace-bin_1.6.4_darwin_amd64.tar.gz"
url_api = "https://api.github.com/repos/carapace-sh/carapace-bin/releases/assets/377102899"

[tools."github:carapace-sh/carapace-bin"."platforms.windows-x64"]
checksum = "sha256:b16a51bf02f99a37ca738b8292292b549675175a285921606efef711854d6fca"
url = "https://github.com/carapace-sh/carapace-bin/releases/download/v1.6.4/carapace-bin_1.6.4_windows_amd64.zip"
url_api = "https://api.github.com/repos/carapace-sh/carapace-bin/releases/assets/377102925"

[[tools."github:charmbracelet/glow"]]
version = "2.1.1"
backend = "github:charmbracelet/glow"

[tools."github:charmbracelet/glow"."platforms.linux-arm64"]
checksum = "sha256:ab12a703cc6efd06caf24860344a2e8bc2518055fdd986f98eb761c47917ef3d"
url = "https://github.com/charmbracelet/glow/releases/download/v2.1.1/glow_2.1.1_Linux_arm64.tar.gz"
url_api = "https://api.github.com/repos/charmbracelet/glow/releases/assets/259458572"

[tools."github:charmbracelet/glow"."platforms.linux-arm64-musl"]
checksum = "sha256:ab12a703cc6efd06caf24860344a2e8bc2518055fdd986f98eb761c47917ef3d"
url = "https://github.com/charmbracelet/glow/releases/download/v2.1.1/glow_2.1.1_Linux_arm64.tar.gz"
url_api = "https://api.github.com/repos/charmbracelet/glow/releases/assets/259458572"

[tools."github:charmbracelet/glow"."platforms.linux-x64"]
checksum = "sha256:59106b08be69b2a0bda1178327bbb7accd584e7c113ba3d2f5ef6e48ff3ac27f"
url = "https://github.com/charmbracelet/glow/releases/download/v2.1.1/glow_2.1.1_Linux_x86_64.tar.gz"
url_api = "https://api.github.com/repos/charmbracelet/glow/releases/assets/259458575"

[tools."github:charmbracelet/glow"."platforms.linux-x64-musl"]
checksum = "sha256:59106b08be69b2a0bda1178327bbb7accd584e7c113ba3d2f5ef6e48ff3ac27f"
url = "https://github.com/charmbracelet/glow/releases/download/v2.1.1/glow_2.1.1_Linux_x86_64.tar.gz"
url_api = "https://api.github.com/repos/charmbracelet/glow/releases/assets/259458575"

[tools."github:charmbracelet/glow"."platforms.macos-arm64"]
checksum = "sha256:234a20a7d0cebc775cdc77ecd62d28da9479364a122b52d8bac9adf1312b860d"
url = "https://github.com/charmbracelet/glow/releases/download/v2.1.1/glow_2.1.1_Darwin_arm64.tar.gz"
url_api = "https://api.github.com/repos/charmbracelet/glow/releases/assets/259458588"

[tools."github:charmbracelet/glow"."platforms.macos-x64"]
checksum = "sha256:91334ebc659b44193327a6e2d198aa4e6c2953b1e003be00c983870685e9161b"
url = "https://github.com/charmbracelet/glow/releases/download/v2.1.1/glow_2.1.1_Darwin_x86_64.tar.gz"
url_api = "https://api.github.com/repos/charmbracelet/glow/releases/assets/259458586"

[tools."github:charmbracelet/glow"."platforms.windows-x64"]
checksum = "sha256:b552952daa03afdfffa80be3f79ba8aec43426f8e78c026eb8502c7e6b604ed0"
url = "https://github.com/charmbracelet/glow/releases/download/v2.1.1/glow_2.1.1_Windows_x86_64.zip"
url_api = "https://api.github.com/repos/charmbracelet/glow/releases/assets/259458579"

[[tools."github:cli/cli"]]
version = "2.87.3"
backend = "github:cli/cli"

[tools."github:cli/cli"."platforms.linux-arm64"]
checksum = "sha256:5f5d89563bf26751e2173b37e594065504e85b6b781c1f1832d24bf2c2b4554f"
url = "https://github.com/cli/cli/releases/download/v2.87.3/gh_2.87.3_linux_arm64.tar.gz"
url_api = "https://api.github.com/repos/cli/cli/releases/assets/360964175"

[tools."github:cli/cli"."platforms.linux-arm64-musl"]
checksum = "sha256:5f5d89563bf26751e2173b37e594065504e85b6b781c1f1832d24bf2c2b4554f"
url = "https://github.com/cli/cli/releases/download/v2.87.3/gh_2.87.3_linux_arm64.tar.gz"
url_api = "https://api.github.com/repos/cli/cli/releases/assets/360964175"

[tools."github:cli/cli"."platforms.linux-x64"]
checksum = "sha256:c6e5537631fca45f277ef405ce8751d139b491e9402cc20891a003525a8773b2"
url = "https://github.com/cli/cli/releases/download/v2.87.3/gh_2.87.3_linux_amd64.tar.gz"
url_api = "https://api.github.com/repos/cli/cli/releases/assets/360964172"

[tools."github:cli/cli"."platforms.linux-x64-musl"]
checksum = "sha256:c6e5537631fca45f277ef405ce8751d139b491e9402cc20891a003525a8773b2"
url = "https://github.com/cli/cli/releases/download/v2.87.3/gh_2.87.3_linux_amd64.tar.gz"
url_api = "https://api.github.com/repos/cli/cli/releases/assets/360964172"

[tools."github:cli/cli"."platforms.macos-arm64"]
checksum = "sha256:dedfc6f569e9dbc5b92d47dce44acadbdf5b6b7a861510db0c748dfac55002f6"
url = "https://github.com/cli/cli/releases/download/v2.87.3/gh_2.87.3_macOS_arm64.zip"
url_api = "https://api.github.com/repos/cli/cli/releases/assets/360964196"

[tools."github:cli/cli"."platforms.macos-x64"]
checksum = "sha256:7b8d5495fe9689494b1c69559c0d28209bc057bb028008e903ec4b3e19bd8c75"
url = "https://github.com/cli/cli/releases/download/v2.87.3/gh_2.87.3_macOS_amd64.zip"
url_api = "https://api.github.com/repos/cli/cli/releases/assets/360964194"

[tools."github:cli/cli"."platforms.windows-x64"]
checksum = "sha256:c590bcb488f80a85c8febd5cde27edd68fdd481bd004aaf9adc50dcf1b21c09c"
url = "https://github.com/cli/cli/releases/download/v2.87.3/gh_2.87.3_windows_amd64.zip"
url_api = "https://api.github.com/repos/cli/cli/releases/assets/360964210"

[[tools."github:dandavison/delta"]]
version = "0.18.2"
backend = "github:dandavison/delta"

[[tools."github:dlvhdr/gh-dash"]]
version = "4.23.1"
backend = "github:dlvhdr/gh-dash"

[tools."github:dlvhdr/gh-dash"."platforms.linux-arm64"]
checksum = "sha256:bdb7637cba44c870da44c0dcdb94fd3d376c553bba13329b8e4b32493308c19a"
url = "https://github.com/dlvhdr/gh-dash/releases/download/v4.23.1/gh-dash_v4.23.1_linux-arm64"
url_api = "https://api.github.com/repos/dlvhdr/gh-dash/releases/assets/367774231"

[tools."github:dlvhdr/gh-dash"."platforms.linux-arm64-musl"]
checksum = "sha256:bdb7637cba44c870da44c0dcdb94fd3d376c553bba13329b8e4b32493308c19a"
url = "https://github.com/dlvhdr/gh-dash/releases/download/v4.23.1/gh-dash_v4.23.1_linux-arm64"
url_api = "https://api.github.com/repos/dlvhdr/gh-dash/releases/assets/367774231"

[tools."github:dlvhdr/gh-dash"."platforms.linux-x64"]
checksum = "sha256:7359c18fb0a62f6cef9ff7f8af84f3fdc3a1b5a19afe65d7f34d17d69555818c"
url = "https://github.com/dlvhdr/gh-dash/releases/download/v4.23.1/gh-dash_v4.23.1_linux-amd64"
url_api = "https://api.github.com/repos/dlvhdr/gh-dash/releases/assets/367774252"

[tools."github:dlvhdr/gh-dash"."platforms.linux-x64-musl"]
checksum = "sha256:7359c18fb0a62f6cef9ff7f8af84f3fdc3a1b5a19afe65d7f34d17d69555818c"
url = "https://github.com/dlvhdr/gh-dash/releases/download/v4.23.1/gh-dash_v4.23.1_linux-amd64"
url_api = "https://api.github.com/repos/dlvhdr/gh-dash/releases/assets/367774252"

[tools."github:dlvhdr/gh-dash"."platforms.macos-arm64"]
checksum = "sha256:a7938b69ea58fd7c8c493a54d5b0cad8dfd87591ef7add5110b47ac81782cdbb"
url = "https://github.com/dlvhdr/gh-dash/releases/download/v4.23.1/gh-dash_v4.23.1_darwin-arm64"
url_api = "https://api.github.com/repos/dlvhdr/gh-dash/releases/assets/367774211"

[tools."github:dlvhdr/gh-dash"."platforms.macos-x64"]
checksum = "sha256:e8cf02f681a7a9e4673ce948bd8a466b7f404b74fcd42bf8f33dcb3aab386159"
url = "https://github.com/dlvhdr/gh-dash/releases/download/v4.23.1/gh-dash_v4.23.1_darwin-amd64"
url_api = "https://api.github.com/repos/dlvhdr/gh-dash/releases/assets/367774210"

[tools."github:dlvhdr/gh-dash"."platforms.windows-x64"]
checksum = "sha256:623f39b786a9aae333c3aecaef24867e0fdf3cea5ce5ef7e2985fd78ad9a785f"
url = "https://github.com/dlvhdr/gh-dash/releases/download/v4.23.1/gh-dash_v4.23.1_windows-amd64.exe"
url_api = "https://api.github.com/repos/dlvhdr/gh-dash/releases/assets/367774250"

[[tools."github:gitleaks/gitleaks"]]
version = "8.30.0"
backend = "github:gitleaks/gitleaks"

[[tools."github:jesseduffield/lazygit"]]
version = "0.60.0"
backend = "github:jesseduffield/lazygit"

[tools."github:jesseduffield/lazygit"."platforms.linux-arm64"]
checksum = "sha256:2c699579165416eede4d2cfaf7d76ccd8f3b20f20f2e8b4abff6b5a6350fcdd7"
url = "https://github.com/jesseduffield/lazygit/releases/download/v0.60.0/lazygit_0.60.0_linux_arm64.tar.gz"
url_api = "https://api.github.com/repos/jesseduffield/lazygit/releases/assets/370328698"

[tools."github:jesseduffield/lazygit"."platforms.linux-arm64-musl"]
checksum = "sha256:2c699579165416eede4d2cfaf7d76ccd8f3b20f20f2e8b4abff6b5a6350fcdd7"
url = "https://github.com/jesseduffield/lazygit/releases/download/v0.60.0/lazygit_0.60.0_linux_arm64.tar.gz"
url_api = "https://api.github.com/repos/jesseduffield/lazygit/releases/assets/370328698"

[tools."github:jesseduffield/lazygit"."platforms.linux-x64"]
checksum = "sha256:6252ca6cf98bc4fd3e0d927b54225910cfa57b065d0ad88263f14592f7f9ab15"
url = "https://github.com/jesseduffield/lazygit/releases/download/v0.60.0/lazygit_0.60.0_linux_x86_64.tar.gz"
url_api = "https://api.github.com/repos/jesseduffield/lazygit/releases/assets/370328694"

[tools."github:jesseduffield/lazygit"."platforms.linux-x64-musl"]
checksum = "sha256:6252ca6cf98bc4fd3e0d927b54225910cfa57b065d0ad88263f14592f7f9ab15"
url = "https://github.com/jesseduffield/lazygit/releases/download/v0.60.0/lazygit_0.60.0_linux_x86_64.tar.gz"
url_api = "https://api.github.com/repos/jesseduffield/lazygit/releases/assets/370328694"

[tools."github:jesseduffield/lazygit"."platforms.macos-arm64"]
checksum = "sha256:5045f0ff2117f12cb5232d65e01c054eb9ea6b8e2f0f0b80e99fbaa589b581b9"
url = "https://github.com/jesseduffield/lazygit/releases/download/v0.60.0/lazygit_0.60.0_darwin_arm64.tar.gz"
url_api = "https://api.github.com/repos/jesseduffield/lazygit/releases/assets/370328696"

[tools."github:jesseduffield/lazygit"."platforms.macos-x64"]
checksum = "sha256:9210a8bd8bf18537f9d7747361c8eba62518e10e4d5fbfe915cf110635eaab78"
url = "https://github.com/jesseduffield/lazygit/releases/download/v0.60.0/lazygit_0.60.0_darwin_x86_64.tar.gz"
url_api = "https://api.github.com/repos/jesseduffield/lazygit/releases/assets/370328688"

[tools."github:jesseduffield/lazygit"."platforms.windows-x64"]
checksum = "sha256:435b53165ff4604e201549b9317eb0b8bb5b3f6728be612656988e90c821a9b9"
url = "https://github.com/jesseduffield/lazygit/releases/download/v0.60.0/lazygit_0.60.0_windows_x86_64.zip"
url_api = "https://api.github.com/repos/jesseduffield/lazygit/releases/assets/370328689"

[[tools."github:jqlang/jq"]]
version = "jq-1.8.1"
backend = "github:jqlang/jq"

[[tools."github:junegunn/fzf"]]
version = "0.70.0"
backend = "github:junegunn/fzf"

[tools."github:junegunn/fzf"."platforms.linux-arm64"]
checksum = "sha256:90a07a13b61f56dd59ccfd0f0bf05070e9cec067713d313fa2607aab2dc0e422"
url = "https://github.com/junegunn/fzf/releases/download/v0.70.0/fzf-0.70.0-linux_arm64.tar.gz"
url_api = "https://api.github.com/repos/junegunn/fzf/releases/assets/365142642"

[tools."github:junegunn/fzf"."platforms.linux-arm64-musl"]
checksum = "sha256:90a07a13b61f56dd59ccfd0f0bf05070e9cec067713d313fa2607aab2dc0e422"
url = "https://github.com/junegunn/fzf/releases/download/v0.70.0/fzf-0.70.0-linux_arm64.tar.gz"
url_api = "https://api.github.com/repos/junegunn/fzf/releases/assets/365142642"

[tools."github:junegunn/fzf"."platforms.linux-x64"]
checksum = "sha256:8fd0e0b93bdf64ba90081ffb6658d77ea5a024c122b36852b1de30f9d2733754"
url = "https://github.com/junegunn/fzf/releases/download/v0.70.0/fzf-0.70.0-linux_amd64.tar.gz"
url_api = "https://api.github.com/repos/junegunn/fzf/releases/assets/365142637"

[tools."github:junegunn/fzf"."platforms.linux-x64-musl"]
checksum = "sha256:8fd0e0b93bdf64ba90081ffb6658d77ea5a024c122b36852b1de30f9d2733754"
url = "https://github.com/junegunn/fzf/releases/download/v0.70.0/fzf-0.70.0-linux_amd64.tar.gz"
url_api = "https://api.github.com/repos/junegunn/fzf/releases/assets/365142637"

[tools."github:junegunn/fzf"."platforms.macos-arm64"]
checksum = "sha256:75f4905c2e3d00666d81dffdd001bb2a9a8e0ad4e4ac8cecfc17a7401b99e6e4"
url = "https://github.com/junegunn/fzf/releases/download/v0.70.0/fzf-0.70.0-darwin_arm64.tar.gz"
url_api = "https://api.github.com/repos/junegunn/fzf/releases/assets/365142661"

[tools."github:junegunn/fzf"."platforms.macos-x64"]
checksum = "sha256:46af74cfeb171c5e2eb936096a653061a0de0f5aeb70319bf9935d8d193e078f"
url = "https://github.com/junegunn/fzf/releases/download/v0.70.0/fzf-0.70.0-darwin_amd64.tar.gz"
url_api = "https://api.github.com/repos/junegunn/fzf/releases/assets/365142662"

[tools."github:junegunn/fzf"."platforms.windows-x64"]
checksum = "sha256:7465a6738e2c844742df973459c7509aed2d10d7a72bfd6de201b867b4eda4cd"
url = "https://github.com/junegunn/fzf/releases/download/v0.70.0/fzf-0.70.0-windows_amd64.zip"
url_api = "https://api.github.com/repos/junegunn/fzf/releases/assets/365142647"

[[tools."github:mikefarah/yq"]]
version = "4.52.5"
backend = "github:mikefarah/yq"

[[tools."github:muesli/duf"]]
version = "0.9.1"
backend = "github:muesli/duf"

[[tools."github:neovim/neovim"]]
version = "0.11.6"
backend = "github:neovim/neovim"

[[tools."github:sharkdp/bat"]]
version = "0.26.1"
backend = "github:sharkdp/bat"

[[tools."github:sharkdp/fd"]]
version = "10.4.2"
backend = "github:sharkdp/fd"

[[tools."github:sst/opencode"]]
version = "1.2.24"
backend = "github:sst/opencode"

[[tools."github:starship/starship"]]
version = "1.24.2"
backend = "github:starship/starship"

[[tools.node]]
version = "24.14.0"
backend = "core:node"

[tools.node."platforms.linux-arm64"]
checksum = "sha256:f44740cd218de8127f1c44c41510a3a740fa5c9c8d1cdce1c3bedada79f3cde7"
url = "https://nodejs.org/dist/v24.14.0/node-v24.14.0-linux-arm64.tar.gz"

[tools.node."platforms.linux-arm64-musl"]
checksum = "sha256:f44740cd218de8127f1c44c41510a3a740fa5c9c8d1cdce1c3bedada79f3cde7"
url = "https://nodejs.org/dist/v24.14.0/node-v24.14.0-linux-arm64.tar.gz"

[tools.node."platforms.linux-x64"]
checksum = "sha256:dbf5b8665dec15e59e6359a517fefb47b23fdb9152d8def975b9bca3dfc6d355"
url = "https://nodejs.org/dist/v24.14.0/node-v24.14.0-linux-x64.tar.gz"

[tools.node."platforms.linux-x64-musl"]
checksum = "sha256:dbf5b8665dec15e59e6359a517fefb47b23fdb9152d8def975b9bca3dfc6d355"
url = "https://nodejs.org/dist/v24.14.0/node-v24.14.0-linux-x64.tar.gz"

[tools.node."platforms.macos-arm64"]
checksum = "sha256:a1a54f46a750d2523d628d924aab61758a51c9dad3e0238beb14141be9615dd3"
url = "https://nodejs.org/dist/v24.14.0/node-v24.14.0-darwin-arm64.tar.gz"

[tools.node."platforms.macos-x64"]
checksum = "sha256:f2879eb810e25993a0578e5d878930266fd2eafcffe9f2839b3d8db354d4879e"
url = "https://nodejs.org/dist/v24.14.0/node-v24.14.0-darwin-x64.tar.gz"

[tools.node."platforms.windows-x64"]
checksum = "sha256:313fa40c0d7b18575821de8cb17483031fe07d95de5994f6f435f3b345f85c66"
url = "https://nodejs.org/dist/v24.14.0/node-v24.14.0-win-x64.zip"

[[tools."npm:@openai/codex"]]
version = "0.118.0"
backend = "npm:@openai/codex"

[[tools."npm:@owloops/claude-powerline"]]
version = "1.23.5"
backend = "npm:@owloops/claude-powerline"

[[tools."npm:bktide"]]
version = "1.0.1773059016"
backend = "npm:bktide"

[[tools."npm:ccusage"]]
version = "18.0.10"
backend = "npm:ccusage"

[[tools."npm:git-mob"]]
version = "4.0.1"
backend = "npm:git-mob"

[[tools.pipx]]
version = "1.8.0"
backend = "aqua:pypa/pipx"

[[tools."pipx:claude-conversation-extractor"]]
version = "1.1.2"
backend = "pipx:claude-conversation-extractor"

[[tools."pipx:gitingest"]]
version = "0.3.1"
backend = "pipx:gitingest"

[[tools.pkl]]
version = "0.31.0"
backend = "aqua:apple/pkl"

[[tools.python]]
version = "3.14.3"
backend = "core:python"

[tools.python."platforms.linux-arm64"]
checksum = "sha256:53700338695e402a1a1fe22be4a41fbdacc70e22bb308a48eca8ed67cb7992be"
url = "https://github.com/astral-sh/python-build-standalone/releases/download/20260324/cpython-3.14.3+20260324-aarch64-unknown-linux-gnu-install_only_stripped.tar.gz"
provenance = "github-attestations"

[tools.python."platforms.linux-arm64-musl"]
checksum = "sha256:53700338695e402a1a1fe22be4a41fbdacc70e22bb308a48eca8ed67cb7992be"
url = "https://github.com/astral-sh/python-build-standalone/releases/download/20260324/cpython-3.14.3+20260324-aarch64-unknown-linux-gnu-install_only_stripped.tar.gz"
provenance = "github-attestations"

[tools.python."platforms.linux-x64"]
checksum = "sha256:d7a9f970914bb4c88756fe3bdcc186d4feb90e9500e54f1db47dae4dc9687e39"
url = "https://github.com/astral-sh/python-build-standalone/releases/download/20260324/cpython-3.14.3+20260324-x86_64-unknown-linux-gnu-install_only_stripped.tar.gz"
provenance = "github-attestations"

[tools.python."platforms.linux-x64-musl"]
checksum = "sha256:d7a9f970914bb4c88756fe3bdcc186d4feb90e9500e54f1db47dae4dc9687e39"
url = "https://github.com/astral-sh/python-build-standalone/releases/download/20260324/cpython-3.14.3+20260324-x86_64-unknown-linux-gnu-install_only_stripped.tar.gz"
provenance = "github-attestations"

[tools.python."platforms.macos-arm64"]
checksum = "sha256:c43aecde4a663aebff99b9b83da0efec506479f1c3f98331442f33d2c43501f9"
url = "https://github.com/astral-sh/python-build-standalone/releases/download/20260324/cpython-3.14.3+20260324-aarch64-apple-darwin-install_only_stripped.tar.gz"
provenance = "github-attestations"

[tools.python."platforms.macos-x64"]
checksum = "sha256:9ab41dbc2f100a2a45d1833b9c11165f51051c558b5213eda9a9731d5948a0c0"
url = "https://github.com/astral-sh/python-build-standalone/releases/download/20260324/cpython-3.14.3+20260324-x86_64-apple-darwin-install_only_stripped.tar.gz"
provenance = "github-attestations"

[tools.python."platforms.windows-x64"]
checksum = "sha256:bbe19034b35b0267176a7442575ae7dc6343480fd4d35598cb7700173d431e09"
url = "https://github.com/astral-sh/python-build-standalone/releases/download/20260324/cpython-3.14.3+20260324-x86_64-pc-windows-msvc-install_only_stripped.tar.gz"
provenance = "github-attestations"

[[tools.rust]]
version = "1.94.0"
backend = "core:rust"
