# @generated - this file is auto-generated by `mise lock` https://mise.jdx.dev/dev-tools/mise-lock.html

[[tools."aqua:bootandy/dust"]]
version = "1.2.4"
backend = "aqua:bootandy/dust"

[[tools."cargo:https://github.com/technicalpickles/envsense"]]
version = "tag:0.6.0"
backend = "cargo:https://github.com/technicalpickles/envsense"

[[tools."cargo:https://github.com/technicalpickles/envsense"]]
version = "ref:0.6.0"
backend = "cargo:https://github.com/technicalpickles/envsense"

[[tools.eza]]
version = "0.23.4"
backend = "aqua:eza-community/eza"

[[tools."github:BurntSushi/ripgrep"]]
version = "15.1.0"
backend = "github:BurntSushi/ripgrep"

[[tools."github:ajeetdsouza/zoxide"]]
version = "0.9.9"
backend = "github:ajeetdsouza/zoxide"

[[tools."github:atuinsh/atuin"]]
version = "18.15.2"
backend = "github:atuinsh/atuin"

[tools."github:atuinsh/atuin"."platforms.linux-arm64"]
checksum = "sha256:857b4918f1019b6e9efe23f16c5231b6a61f09452030e93e027423f862ffd944"
url = "https://github.com/atuinsh/atuin/releases/download/v18.15.2/atuin-aarch64-unknown-linux-gnu.tar.gz"
url_api = "https://api.github.com/repos/atuinsh/atuin/releases/assets/398082211"

[tools."github:atuinsh/atuin"."platforms.linux-arm64-musl"]
checksum = "sha256:fe28ceb65bf382f987634d5cafc12f2fd323d4f4d0cafc765e0d111815799e87"
url = "https://github.com/atuinsh/atuin/releases/download/v18.15.2/atuin-aarch64-unknown-linux-musl.tar.gz"
url_api = "https://api.github.com/repos/atuinsh/atuin/releases/assets/398082235"
provenance = "github-attestations"

[tools."github:atuinsh/atuin"."platforms.linux-x64"]
checksum = "sha256:97eca55db8c2ed31eb8e7d43d85b41ff6b01fcc8c97347af77ab41f1cfa95326"
url = "https://github.com/atuinsh/atuin/releases/download/v18.15.2/atuin-server-x86_64-unknown-linux-gnu.tar.gz"
url_api = "https://api.github.com/repos/atuinsh/atuin/releases/assets/398082266"
provenance = "github-attestations"

[tools."github:atuinsh/atuin"."platforms.linux-x64-musl"]
checksum = "sha256:7773c6cf31658374840a47496c2db65797abe469998b4d35630965a2f3430b58"
url = "https://github.com/atuinsh/atuin/releases/download/v18.15.2/atuin-server-x86_64-unknown-linux-musl.tar.gz"
url_api = "https://api.github.com/repos/atuinsh/atuin/releases/assets/398082273"
provenance = "github-attestations"

[tools."github:atuinsh/atuin"."platforms.macos-arm64"]
checksum = "sha256:d73608ade168b24a29ddfed119896eb95ff7f5addcd01cab3bfff3c93deeeee1"
url = "https://github.com/atuinsh/atuin/releases/download/v18.15.2/atuin-aarch64-apple-darwin.tar.gz"
url_api = "https://api.github.com/repos/atuinsh/atuin/releases/assets/398082214"
provenance = "github-attestations"

[tools."github:atuinsh/atuin"."platforms.macos-x64"]
checksum = "sha256:ede9b9640392c8688f22ab0e252de3b2b047dd0824c62d31a32c7462ddcb56aa"
url = "https://github.com/atuinsh/atuin/releases/download/v18.15.2/source.tar.gz"
url_api = "https://api.github.com/repos/atuinsh/atuin/releases/assets/398082296"

[tools."github:atuinsh/atuin"."platforms.windows-x64"]
checksum = "sha256:e18284fe9a7c1368fcd30fc2684395393d75581fce1520536ba45b2af1b3eab0"
url = "https://github.com/atuinsh/atuin/releases/download/v18.15.2/atuin-server-x86_64-pc-windows-msvc.zip"
url_api = "https://api.github.com/repos/atuinsh/atuin/releases/assets/398082263"
provenance = "github-attestations"

[[tools."github:buildkite/cli"]]
version = "3.32.2"
backend = "github:buildkite/cli"

[tools."github:buildkite/cli"."platforms.linux-arm64"]
checksum = "sha256:e772505979736ffcad7c5b4a19c576ef3757482b27a5aec590dda213c36dd452"
url = "https://github.com/buildkite/cli/releases/download/v3.32.2/bk_3.32.2_linux_arm64.tar.gz"
url_api = "https://api.github.com/repos/buildkite/cli/releases/assets/371555768"

[tools."github:buildkite/cli"."platforms.linux-arm64-musl"]
checksum = "sha256:e772505979736ffcad7c5b4a19c576ef3757482b27a5aec590dda213c36dd452"
url = "https://github.com/buildkite/cli/releases/download/v3.32.2/bk_3.32.2_linux_arm64.tar.gz"
url_api = "https://api.github.com/repos/buildkite/cli/releases/assets/371555768"

[tools."github:buildkite/cli"."platforms.linux-x64"]
checksum = "sha256:220ad81144a51564ddfd4b5f4ed9f191f178884973c71c824c7dbe8bc2b72b08"
url = "https://github.com/buildkite/cli/releases/download/v3.32.2/bk_3.32.2_linux_amd64.tar.gz"
url_api = "https://api.github.com/repos/buildkite/cli/releases/assets/371555769"

[tools."github:buildkite/cli"."platforms.linux-x64-musl"]
checksum = "sha256:220ad81144a51564ddfd4b5f4ed9f191f178884973c71c824c7dbe8bc2b72b08"
url = "https://github.com/buildkite/cli/releases/download/v3.32.2/bk_3.32.2_linux_amd64.tar.gz"
url_api = "https://api.github.com/repos/buildkite/cli/releases/assets/371555769"

[tools."github:buildkite/cli"."platforms.macos-arm64"]
checksum = "sha256:0ed1d0479ff84ffee9a8e402a79a71bba93ea2eae8f6b0c609650b428d89f2cb"
url = "https://github.com/buildkite/cli/releases/download/v3.32.2/bk_3.32.2_macOS_arm64.zip"
url_api = "https://api.github.com/repos/buildkite/cli/releases/assets/371555763"

[tools."github:buildkite/cli"."platforms.macos-x64"]
checksum = "sha256:eb6cfd56b4a90268d1d2775766b3de92ae07b3842a23aefb7ff3d87c0602013d"
url = "https://github.com/buildkite/cli/releases/download/v3.32.2/bk_3.32.2_macOS_amd64.zip"
url_api = "https://api.github.com/repos/buildkite/cli/releases/assets/371555764"

[tools."github:buildkite/cli"."platforms.windows-x64"]
checksum = "sha256:3309422d817e060e914a825fbc7265907fca006f30795b3061a4db1ebf4fda2b"
url = "https://github.com/buildkite/cli/releases/download/v3.32.2/bk_3.32.2_windows_amd64.zip"
url_api = "https://api.github.com/repos/buildkite/cli/releases/assets/371555792"

[[tools."github:carapace-sh/carapace-bin"]]
version = "1.6.4"
backend = "github:carapace-sh/carapace-bin"

[tools."github:carapace-sh/carapace-bin"."platforms.linux-arm64"]
checksum = "sha256:17293dcadaebb615984042019125ed2fe932af1bfb48fc2b916c1e67249e748b"
url = "https://github.com/carapace-sh/carapace-bin/releases/download/v1.6.4/carapace-bin_1.6.4_linux_arm64.tar.gz"
url_api = "https://api.github.com/repos/carapace-sh/carapace-bin/releases/assets/377102926"

[tools."github:carapace-sh/carapace-bin"."platforms.linux-arm64-musl"]
checksum = "sha256:17293dcadaebb615984042019125ed2fe932af1bfb48fc2b916c1e67249e748b"
url = "https://github.com/carapace-sh/carapace-bin/releases/download/v1.6.4/carapace-bin_1.6.4_linux_arm64.tar.gz"
url_api = "https://api.github.com/repos/carapace-sh/carapace-bin/releases/assets/377102926"

[tools."github:carapace-sh/carapace-bin"."platforms.linux-x64"]
checksum = "sha256:885ee9f90ab759c60e50d8123966c4edabb426c5cac531253c8d75a30145eff2"
url = "https://github.com/carapace-sh/carapace-bin/releases/download/v1.6.4/carapace-bin_1.6.4_linux_amd64.tar.gz"
url_api = "https://api.github.com/repos/carapace-sh/carapace-bin/releases/assets/377102927"

[tools."github:carapace-sh/carapace-bin"."platforms.linux-x64-musl"]
checksum = "sha256:885ee9f90ab759c60e50d8123966c4edabb426c5cac531253c8d75a30145eff2"
url = "https://github.com/carapace-sh/carapace-bin/releases/download/v1.6.4/carapace-bin_1.6.4_linux_amd64.tar.gz"
url_api = "https://api.github.com/repos/carapace-sh/carapace-bin/releases/assets/377102927"

[tools."github:carapace-sh/carapace-bin"."platforms.macos-arm64"]
checksum = "sha256:67689f9f14d8d99a87ac70e680ccfb98a702c16e4b1058ef6309a05834e68f09"
url = "https://github.com/carapace-sh/carapace-bin/releases/download/v1.6.4/carapace-bin_1.6.4_darwin_arm64.tar.gz"
url_api = "https://api.github.com/repos/carapace-sh/carapace-bin/releases/assets/377102900"

[tools."github:carapace-sh/carapace-bin"."platforms.macos-x64"]
checksum = "sha256:6c9b9cbe06fa58c81f888f2b2254eaac9c97ffc9ad53ed7e642695afd066d375"
url = "https://github.com/carapace-sh/carapace-bin/releases/download/v1.6.4/carapace-bin_1.6.4_darwin_amd64.tar.gz"
url_api = "https://api.github.com/repos/carapace-sh/carapace-bin/releases/assets/377102899"

[tools."github:carapace-sh/carapace-bin"."platforms.windows-x64"]
checksum = "sha256:b16a51bf02f99a37ca738b8292292b549675175a285921606efef711854d6fca"
url = "https://github.com/carapace-sh/carapace-bin/releases/download/v1.6.4/carapace-bin_1.6.4_windows_amd64.zip"
url_api = "https://api.github.com/repos/carapace-sh/carapace-bin/releases/assets/377102925"

[[tools."github:charmbracelet/glow"]]
version = "2.1.1"
backend = "github:charmbracelet/glow"

[[tools."github:cli/cli"]]
version = "2.87.3"
backend = "github:cli/cli"

[tools."github:cli/cli"."platforms.linux-arm64"]
checksum = "sha256:5f5d89563bf26751e2173b37e594065504e85b6b781c1f1832d24bf2c2b4554f"
url = "https://github.com/cli/cli/releases/download/v2.87.3/gh_2.87.3_linux_arm64.tar.gz"
url_api = "https://api.github.com/repos/cli/cli/releases/assets/360964175"

[tools."github:cli/cli"."platforms.linux-arm64-musl"]
checksum = "sha256:5f5d89563bf26751e2173b37e594065504e85b6b781c1f1832d24bf2c2b4554f"
url = "https://github.com/cli/cli/releases/download/v2.87.3/gh_2.87.3_linux_arm64.tar.gz"
url_api = "https://api.github.com/repos/cli/cli/releases/assets/360964175"
provenance = "github-attestations"

[tools."github:cli/cli"."platforms.linux-x64"]
checksum = "sha256:c6e5537631fca45f277ef405ce8751d139b491e9402cc20891a003525a8773b2"
url = "https://github.com/cli/cli/releases/download/v2.87.3/gh_2.87.3_linux_amd64.tar.gz"
url_api = "https://api.github.com/repos/cli/cli/releases/assets/360964172"
provenance = "github-attestations"

[tools."github:cli/cli"."platforms.linux-x64-musl"]
checksum = "sha256:c6e5537631fca45f277ef405ce8751d139b491e9402cc20891a003525a8773b2"
url = "https://github.com/cli/cli/releases/download/v2.87.3/gh_2.87.3_linux_amd64.tar.gz"
url_api = "https://api.github.com/repos/cli/cli/releases/assets/360964172"
provenance = "github-attestations"

[tools."github:cli/cli"."platforms.macos-arm64"]
checksum = "sha256:dedfc6f569e9dbc5b92d47dce44acadbdf5b6b7a861510db0c748dfac55002f6"
url = "https://github.com/cli/cli/releases/download/v2.87.3/gh_2.87.3_macOS_arm64.zip"
url_api = "https://api.github.com/repos/cli/cli/releases/assets/360964196"
provenance = "github-attestations"

[tools."github:cli/cli"."platforms.macos-x64"]
checksum = "sha256:7b8d5495fe9689494b1c69559c0d28209bc057bb028008e903ec4b3e19bd8c75"
url = "https://github.com/cli/cli/releases/download/v2.87.3/gh_2.87.3_macOS_amd64.zip"
url_api = "https://api.github.com/repos/cli/cli/releases/assets/360964194"
provenance = "github-attestations"

[tools."github:cli/cli"."platforms.windows-x64"]
checksum = "sha256:c590bcb488f80a85c8febd5cde27edd68fdd481bd004aaf9adc50dcf1b21c09c"
url = "https://github.com/cli/cli/releases/download/v2.87.3/gh_2.87.3_windows_amd64.zip"
url_api = "https://api.github.com/repos/cli/cli/releases/assets/360964210"
provenance = "github-attestations"

[[tools."github:dandavison/delta"]]
version = "0.18.2"
backend = "github:dandavison/delta"

[tools."github:dandavison/delta"."platforms.linux-arm64"]
url = "https://github.com/dandavison/delta/releases/download/0.18.2/delta-0.18.2-aarch64-unknown-linux-gnu.tar.gz"
url_api = "https://api.github.com/repos/dandavison/delta/releases/assets/191958620"

[tools."github:dandavison/delta"."platforms.linux-arm64-musl"]
url = "https://github.com/dandavison/delta/releases/download/0.18.2/delta-0.18.2-aarch64-unknown-linux-gnu.tar.gz"
url_api = "https://api.github.com/repos/dandavison/delta/releases/assets/191958620"

[tools."github:dandavison/delta"."platforms.linux-x64"]
url = "https://github.com/dandavison/delta/releases/download/0.18.2/delta-0.18.2-x86_64-unknown-linux-gnu.tar.gz"
url_api = "https://api.github.com/repos/dandavison/delta/releases/assets/191958486"

[tools."github:dandavison/delta"."platforms.linux-x64-musl"]
url = "https://github.com/dandavison/delta/releases/download/0.18.2/delta-0.18.2-x86_64-unknown-linux-musl.tar.gz"
url_api = "https://api.github.com/repos/dandavison/delta/releases/assets/191958583"

[tools."github:dandavison/delta"."platforms.macos-arm64"]
url = "https://github.com/dandavison/delta/releases/download/0.18.2/delta-0.18.2-aarch64-apple-darwin.tar.gz"
url_api = "https://api.github.com/repos/dandavison/delta/releases/assets/191958441"

[[tools."github:dlvhdr/gh-dash"]]
version = "4.23.1"
backend = "github:dlvhdr/gh-dash"

[[tools."github:gitleaks/gitleaks"]]
version = "8.30.0"
backend = "github:gitleaks/gitleaks"

[[tools."github:jdx/hk"]]
version = "1.41.0"
backend = "github:jdx/hk"

[[tools."github:jesseduffield/lazygit"]]
version = "0.60.0"
backend = "github:jesseduffield/lazygit"

[[tools."github:jqlang/jq"]]
version = "jq-1.8.1"
backend = "github:jqlang/jq"

[[tools."github:junegunn/fzf"]]
version = "0.70.0"
backend = "github:junegunn/fzf"

[[tools."github:mikefarah/yq"]]
version = "4.52.5"
backend = "github:mikefarah/yq"

[[tools."github:muesli/duf"]]
version = "0.9.1"
backend = "github:muesli/duf"

[[tools."github:neovim/neovim"]]
version = "0.11.6"
backend = "github:neovim/neovim"

[[tools."github:sharkdp/bat"]]
version = "0.26.1"
backend = "github:sharkdp/bat"

[[tools."github:sharkdp/fd"]]
version = "10.4.2"
backend = "github:sharkdp/fd"

[[tools."github:sst/opencode"]]
version = "1.2.24"
backend = "github:sst/opencode"

[[tools."github:starship/starship"]]
version = "1.24.2"
backend = "github:starship/starship"

[[tools.node]]
version = "24.14.0"
backend = "core:node"

[tools.node."platforms.linux-arm64"]
checksum = "sha256:f44740cd218de8127f1c44c41510a3a740fa5c9c8d1cdce1c3bedada79f3cde7"
url = "https://nodejs.org/dist/v24.14.0/node-v24.14.0-linux-arm64.tar.gz"

[tools.node."platforms.linux-arm64-musl"]
checksum = "sha256:f44740cd218de8127f1c44c41510a3a740fa5c9c8d1cdce1c3bedada79f3cde7"
url = "https://nodejs.org/dist/v24.14.0/node-v24.14.0-linux-arm64.tar.gz"

[tools.node."platforms.linux-x64"]
checksum = "sha256:dbf5b8665dec15e59e6359a517fefb47b23fdb9152d8def975b9bca3dfc6d355"
url = "https://nodejs.org/dist/v24.14.0/node-v24.14.0-linux-x64.tar.gz"

[tools.node."platforms.linux-x64-musl"]
checksum = "sha256:dbf5b8665dec15e59e6359a517fefb47b23fdb9152d8def975b9bca3dfc6d355"
url = "https://nodejs.org/dist/v24.14.0/node-v24.14.0-linux-x64.tar.gz"

[tools.node."platforms.macos-arm64"]
checksum = "sha256:a1a54f46a750d2523d628d924aab61758a51c9dad3e0238beb14141be9615dd3"
url = "https://nodejs.org/dist/v24.14.0/node-v24.14.0-darwin-arm64.tar.gz"

[tools.node."platforms.macos-x64"]
checksum = "sha256:f2879eb810e25993a0578e5d878930266fd2eafcffe9f2839b3d8db354d4879e"
url = "https://nodejs.org/dist/v24.14.0/node-v24.14.0-darwin-x64.tar.gz"

[tools.node."platforms.windows-x64"]
checksum = "sha256:313fa40c0d7b18575821de8cb17483031fe07d95de5994f6f435f3b345f85c66"
url = "https://nodejs.org/dist/v24.14.0/node-v24.14.0-win-x64.zip"

[[tools."npm:@openai/codex"]]
version = "0.118.0"
backend = "npm:@openai/codex"

[[tools."npm:@owloops/claude-powerline"]]
version = "1.23.5"
backend = "npm:@owloops/claude-powerline"

[[tools."npm:@playwright/mcp"]]
version = "0.0.68"
backend = "npm:@playwright/mcp"

[[tools."npm:bktide"]]
version = "1.0.1773059016"
backend = "npm:bktide"

[[tools."npm:ccusage"]]
version = "18.0.10"
backend = "npm:ccusage"

[[tools."npm:git-mob"]]
version = "4.0.1"
backend = "npm:git-mob"

[[tools.pipx]]
version = "1.8.0"
backend = "aqua:pypa/pipx"

[[tools."pipx:claude-conversation-extractor"]]
version = "1.1.2"
backend = "pipx:claude-conversation-extractor"

[[tools."pipx:gitingest"]]
version = "0.3.1"
backend = "pipx:gitingest"

[[tools.pkl]]
version = "0.31.0"
backend = "aqua:apple/pkl"

[[tools.python]]
version = "3.14.3"
backend = "core:python"

[tools.python."platforms.linux-arm64"]
checksum = "sha256:53700338695e402a1a1fe22be4a41fbdacc70e22bb308a48eca8ed67cb7992be"
url = "https://github.com/astral-sh/python-build-standalone/releases/download/20260324/cpython-3.14.3+20260324-aarch64-unknown-linux-gnu-install_only_stripped.tar.gz"
provenance = "github-attestations"

[tools.python."platforms.linux-arm64-musl"]
checksum = "sha256:53700338695e402a1a1fe22be4a41fbdacc70e22bb308a48eca8ed67cb7992be"
url = "https://github.com/astral-sh/python-build-standalone/releases/download/20260324/cpython-3.14.3+20260324-aarch64-unknown-linux-gnu-install_only_stripped.tar.gz"
provenance = "github-attestations"

[tools.python."platforms.linux-x64"]
checksum = "sha256:d7a9f970914bb4c88756fe3bdcc186d4feb90e9500e54f1db47dae4dc9687e39"
url = "https://github.com/astral-sh/python-build-standalone/releases/download/20260324/cpython-3.14.3+20260324-x86_64-unknown-linux-gnu-install_only_stripped.tar.gz"
provenance = "github-attestations"

[tools.python."platforms.linux-x64-musl"]
checksum = "sha256:d7a9f970914bb4c88756fe3bdcc186d4feb90e9500e54f1db47dae4dc9687e39"
url = "https://github.com/astral-sh/python-build-standalone/releases/download/20260324/cpython-3.14.3+20260324-x86_64-unknown-linux-gnu-install_only_stripped.tar.gz"
provenance = "github-attestations"

[tools.python."platforms.macos-arm64"]
checksum = "sha256:c43aecde4a663aebff99b9b83da0efec506479f1c3f98331442f33d2c43501f9"
url = "https://github.com/astral-sh/python-build-standalone/releases/download/20260324/cpython-3.14.3+20260324-aarch64-apple-darwin-install_only_stripped.tar.gz"
provenance = "github-attestations"

[tools.python."platforms.macos-x64"]
checksum = "sha256:9ab41dbc2f100a2a45d1833b9c11165f51051c558b5213eda9a9731d5948a0c0"
url = "https://github.com/astral-sh/python-build-standalone/releases/download/20260324/cpython-3.14.3+20260324-x86_64-apple-darwin-install_only_stripped.tar.gz"
provenance = "github-attestations"

[tools.python."platforms.windows-x64"]
checksum = "sha256:bbe19034b35b0267176a7442575ae7dc6343480fd4d35598cb7700173d431e09"
url = "https://github.com/astral-sh/python-build-standalone/releases/download/20260324/cpython-3.14.3+20260324-x86_64-pc-windows-msvc-install_only_stripped.tar.gz"
provenance = "github-attestations"

[[tools.rust]]
version = "1.94.0"
backend = "core:rust"
